// !$*UTF8*$!
{
	archiveVersion = 1;
	classes = {
	};
	objectVersion = 45;
	objects = {

/* Begin PBXBuildFile section */
		8D11072F0486CEB800E47090 /* Cocoa.framework in Frameworks */ = {isa = PBXBuildFile; fileRef = 1058C7A1FEA54F0111CA2CBB /* Cocoa.framework */; };
		9424DA37101EC2AB00E5B4BA /* Audio.c in Sources */ = {isa = PBXBuildFile; fileRef = 9424D9DB101EC2AB00E5B4BA /* Audio.c */; };
		9424DA38101EC2AB00E5B4BA /* Camera.c in Sources */ = {isa = PBXBuildFile; fileRef = 9424D9DD101EC2AB00E5B4BA /* Camera.c */; };
		9424DA39101EC2AB00E5B4BA /* Colors.c in Sources */ = {isa = PBXBuildFile; fileRef = 9424D9DF101EC2AB00E5B4BA /* Colors.c */; };
		9424DA3A101EC2AB00E5B4BA /* Core.c in Sources */ = {isa = PBXBuildFile; fileRef = 9424D9E1101EC2AB00E5B4BA /* Core.c */; };
		9424DA3B101EC2AB00E5B4BA /* Geometry.c in Sources */ = {isa = PBXBuildFile; fileRef = 9424D9E3101EC2AB00E5B4BA /* Geometry.c */; };
		9424DA3C101EC2AB00E5B4BA /* Graphics.c in Sources */ = {isa = PBXBuildFile; fileRef = 9424D9E5101EC2AB00E5B4BA /* Graphics.c */; };
		9424DA3D101EC2AB00E5B4BA /* Input.c in Sources */ = {isa = PBXBuildFile; fileRef = 9424D9E7101EC2AB00E5B4BA /* Input.c */; };
		9424DA3E101EC2AB00E5B4BA /* Physics.c in Sources */ = {isa = PBXBuildFile; fileRef = 9424D9E9101EC2AB00E5B4BA /* Physics.c */; };
		9424DA3F101EC2AB00E5B4BA /* PointerManager.m in Sources */ = {isa = PBXBuildFile; fileRef = 9424D9EC101EC2AB00E5B4BA /* PointerManager.m */; };
		9424DA40101EC2AB00E5B4BA /* Resources.c in Sources */ = {isa = PBXBuildFile; fileRef = 9424D9ED101EC2AB00E5B4BA /* Resources.c */; };
		9424DA41101EC2AB00E5B4BA /* SDL.framework in Frameworks */ = {isa = PBXBuildFile; fileRef = 9424D9EF101EC2AB00E5B4BA /* SDL.framework */; };
		9424DA42101EC2AB00E5B4BA /* SDL_gfx.framework in Frameworks */ = {isa = PBXBuildFile; fileRef = 9424D9F0101EC2AB00E5B4BA /* SDL_gfx.framework */; };
		9424DA43101EC2AB00E5B4BA /* SDL_image.framework in Frameworks */ = {isa = PBXBuildFile; fileRef = 9424D9F1101EC2AB00E5B4BA /* SDL_image.framework */; };
		9424DA44101EC2AB00E5B4BA /* SDL_mixer.framework in Frameworks */ = {isa = PBXBuildFile; fileRef = 9424D9F2101EC2AB00E5B4BA /* SDL_mixer.framework */; };
		9424DA45101EC2AB00E5B4BA /* SDL_ttf.framework in Frameworks */ = {isa = PBXBuildFile; fileRef = 9424D9F3101EC2AB00E5B4BA /* SDL_ttf.framework */; };
		9424DA46101EC2AB00E5B4BA /* SGAudio.m in Sources */ = {isa = PBXBuildFile; fileRef = 9424D9F5101EC2AB00E5B4BA /* SGAudio.m */; };
		9424DA47101EC2AB00E5B4BA /* SGBitmap.m in Sources */ = {isa = PBXBuildFile; fileRef = 9424D9F7101EC2AB00E5B4BA /* SGBitmap.m */; };
		9424DA48101EC2AB00E5B4BA /* SGCamera.m in Sources */ = {isa = PBXBuildFile; fileRef = 9424D9F9101EC2AB00E5B4BA /* SGCamera.m */; };
		9424DA49101EC2AB00E5B4BA /* SGCircle.m in Sources */ = {isa = PBXBuildFile; fileRef = 9424D9FB101EC2AB00E5B4BA /* SGCircle.m */; };
		9424DA4A101EC2AB00E5B4BA /* SGColors.m in Sources */ = {isa = PBXBuildFile; fileRef = 9424D9FD101EC2AB00E5B4BA /* SGColors.m */; };
		9424DA4B101EC2AB00E5B4BA /* SGCore.m in Sources */ = {isa = PBXBuildFile; fileRef = 9424D9FF101EC2AB00E5B4BA /* SGCore.m */; };
		9424DA4C101EC2AB00E5B4BA /* SGFont.m in Sources */ = {isa = PBXBuildFile; fileRef = 9424DA01101EC2AB00E5B4BA /* SGFont.m */; };
		9424DA4D101EC2AB00E5B4BA /* SGGeometry.m in Sources */ = {isa = PBXBuildFile; fileRef = 9424DA03101EC2AB00E5B4BA /* SGGeometry.m */; };
		9424DA4E101EC2AB00E5B4BA /* SGGraphics.m in Sources */ = {isa = PBXBuildFile; fileRef = 9424DA05101EC2AB00E5B4BA /* SGGraphics.m */; };
		9424DA4F101EC2AB00E5B4BA /* SGInput.m in Sources */ = {isa = PBXBuildFile; fileRef = 9424DA07101EC2AB00E5B4BA /* SGInput.m */; };
		9424DA50101EC2AB00E5B4BA /* SGLineSegment.m in Sources */ = {isa = PBXBuildFile; fileRef = 9424DA09101EC2AB00E5B4BA /* SGLineSegment.m */; };
		9424DA51101EC2AB00E5B4BA /* SGMap.m in Sources */ = {isa = PBXBuildFile; fileRef = 9424DA0B101EC2AB00E5B4BA /* SGMap.m */; };
		9424DA52101EC2AB00E5B4BA /* SGMapTile.m in Sources */ = {isa = PBXBuildFile; fileRef = 9424DA0D101EC2AB00E5B4BA /* SGMapTile.m */; };
		9424DA53101EC2AB00E5B4BA /* SGMatrix2D.m in Sources */ = {isa = PBXBuildFile; fileRef = 9424DA0F101EC2AB00E5B4BA /* SGMatrix2D.m */; };
		9424DA54101EC2AB00E5B4BA /* SGMusic.m in Sources */ = {isa = PBXBuildFile; fileRef = 9424DA11101EC2AB00E5B4BA /* SGMusic.m */; };
		9424DA55101EC2AB00E5B4BA /* SGPhysics.m in Sources */ = {isa = PBXBuildFile; fileRef = 9424DA13101EC2AB00E5B4BA /* SGPhysics.m */; };
		9424DA56101EC2AB00E5B4BA /* SGPoint2D.m in Sources */ = {isa = PBXBuildFile; fileRef = 9424DA15101EC2AB00E5B4BA /* SGPoint2D.m */; };
		9424DA57101EC2AB00E5B4BA /* SGRectangle.m in Sources */ = {isa = PBXBuildFile; fileRef = 9424DA17101EC2AB00E5B4BA /* SGRectangle.m */; };
		9424DA58101EC2AB00E5B4BA /* SGResources.m in Sources */ = {isa = PBXBuildFile; fileRef = 9424DA19101EC2AB00E5B4BA /* SGResources.m */; };
		9424DA59101EC2AB00E5B4BA /* SGSDK.framework in Frameworks */ = {isa = PBXBuildFile; fileRef = 9424DA1A101EC2AB00E5B4BA /* SGSDK.framework */; };
		9424DA5A101EC2AB00E5B4BA /* SGSoundEffect.m in Sources */ = {isa = PBXBuildFile; fileRef = 9424DA1D101EC2AB00E5B4BA /* SGSoundEffect.m */; };
		9424DA5B101EC2AB00E5B4BA /* SGSprite.m in Sources */ = {isa = PBXBuildFile; fileRef = 9424DA1F101EC2AB00E5B4BA /* SGSprite.m */; };
		9424DA5C101EC2AB00E5B4BA /* SGSprites.m in Sources */ = {isa = PBXBuildFile; fileRef = 9424DA21101EC2AB00E5B4BA /* SGSprites.m */; };
		9424DA5D101EC2AB00E5B4BA /* SGText.m in Sources */ = {isa = PBXBuildFile; fileRef = 9424DA23101EC2AB00E5B4BA /* SGText.m */; };
		9424DA5E101EC2AB00E5B4BA /* SGTileMap.m in Sources */ = {isa = PBXBuildFile; fileRef = 9424DA25101EC2AB00E5B4BA /* SGTileMap.m */; };
		9424DA5F101EC2AB00E5B4BA /* SGTimer.m in Sources */ = {isa = PBXBuildFile; fileRef = 9424DA27101EC2AB00E5B4BA /* SGTimer.m */; };
		9424DA60101EC2AB00E5B4BA /* SGTriangle.m in Sources */ = {isa = PBXBuildFile; fileRef = 9424DA29101EC2AB00E5B4BA /* SGTriangle.m */; };
		9424DA61101EC2AB00E5B4BA /* SGUtils.m in Sources */ = {isa = PBXBuildFile; fileRef = 9424DA2C101EC2AB00E5B4BA /* SGUtils.m */; };
		9424DA62101EC2AB00E5B4BA /* SGVector.m in Sources */ = {isa = PBXBuildFile; fileRef = 9424DA2E101EC2AB00E5B4BA /* SGVector.m */; };
		9424DA63101EC2AB00E5B4BA /* Sprites.c in Sources */ = {isa = PBXBuildFile; fileRef = 9424DA2F101EC2AB00E5B4BA /* Sprites.c */; };
		9424DA64101EC2AB00E5B4BA /* Text.c in Sources */ = {isa = PBXBuildFile; fileRef = 9424DA32101EC2AB00E5B4BA /* Text.c */; };
		9424DA65101EC2AB00E5B4BA /* TileMap.c in Sources */ = {isa = PBXBuildFile; fileRef = 9424DA34101EC2AB00E5B4BA /* TileMap.c */; };
		9424DA67101EC2FE00E5B4BA /* SGSDK.framework in Copy Frameworks */ = {isa = PBXBuildFile; fileRef = 9424DA1A101EC2AB00E5B4BA /* SGSDK.framework */; };
		9424DA68101EC2FE00E5B4BA /* SDL_gfx.framework in Copy Frameworks */ = {isa = PBXBuildFile; fileRef = 9424D9F0101EC2AB00E5B4BA /* SDL_gfx.framework */; };
		9424DA69101EC2FE00E5B4BA /* SDL.framework in Copy Frameworks */ = {isa = PBXBuildFile; fileRef = 9424D9EF101EC2AB00E5B4BA /* SDL.framework */; };
		9424DA6A101EC2FE00E5B4BA /* SDL_image.framework in Copy Frameworks */ = {isa = PBXBuildFile; fileRef = 9424D9F1101EC2AB00E5B4BA /* SDL_image.framework */; };
		9424DA6B101EC2FE00E5B4BA /* SDL_mixer.framework in Copy Frameworks */ = {isa = PBXBuildFile; fileRef = 9424D9F2101EC2AB00E5B4BA /* SDL_mixer.framework */; };
		9424DA6C101EC2FE00E5B4BA /* SDL_ttf.framework in Copy Frameworks */ = {isa = PBXBuildFile; fileRef = 9424D9F3101EC2AB00E5B4BA /* SDL_ttf.framework */; };
		9424DA6F101EC34F00E5B4BA /* Foundation.framework in Frameworks */ = {isa = PBXBuildFile; fileRef = 29B97325FDCFA39411CA2CEA /* Foundation.framework */; };
		94E4812B1088229000AA74FD /* SGShape.m in Sources */ = {isa = PBXBuildFile; fileRef = 94E481241088229000AA74FD /* SGShape.m */; };
		94E4812C1088229000AA74FD /* SGShapeData.m in Sources */ = {isa = PBXBuildFile; fileRef = 94E481261088229000AA74FD /* SGShapeData.m */; };
		94E4812D1088229000AA74FD /* SGShapePrototype.m in Sources */ = {isa = PBXBuildFile; fileRef = 94E481281088229000AA74FD /* SGShapePrototype.m */; };
		94E4812E1088229000AA74FD /* SGShapePrototypeData.m in Sources */ = {isa = PBXBuildFile; fileRef = 94E4812A1088229000AA74FD /* SGShapePrototypeData.m */; };
		94F1F568101EC46F006F3D32 /* main.m in Sources */ = {isa = PBXBuildFile; fileRef = 94F1F567101EC46F006F3D32 /* main.m */; };
/* End PBXBuildFile section */

/* Begin PBXCopyFilesBuildPhase section */
		9424DA6E101EC33A00E5B4BA /* Copy Frameworks */ = {
			isa = PBXCopyFilesBuildPhase;
			buildActionMask = 2147483647;
			dstPath = "";
			dstSubfolderSpec = 10;
			files = (
				9424DA67101EC2FE00E5B4BA /* SGSDK.framework in Copy Frameworks */,
				9424DA68101EC2FE00E5B4BA /* SDL_gfx.framework in Copy Frameworks */,
				9424DA69101EC2FE00E5B4BA /* SDL.framework in Copy Frameworks */,
				9424DA6A101EC2FE00E5B4BA /* SDL_image.framework in Copy Frameworks */,
				9424DA6B101EC2FE00E5B4BA /* SDL_mixer.framework in Copy Frameworks */,
				9424DA6C101EC2FE00E5B4BA /* SDL_ttf.framework in Copy Frameworks */,
			);
			name = "Copy Frameworks";
			runOnlyForDeploymentPostprocessing = 0;
		};
/* End PBXCopyFilesBuildPhase section */

/* Begin PBXFileReference section */
		1058C7A1FEA54F0111CA2CBB /* Cocoa.framework */ = {isa = PBXFileReference; lastKnownFileType = wrapper.framework; name = Cocoa.framework; path = /System/Library/Frameworks/Cocoa.framework; sourceTree = "<absolute>"; };
		29B97325FDCFA39411CA2CEA /* Foundation.framework */ = {isa = PBXFileReference; lastKnownFileType = wrapper.framework; name = Foundation.framework; path = /System/Library/Frameworks/Foundation.framework; sourceTree = "<absolute>"; };
		8D1107320486CEB800E47090 /* MyGame.app */ = {isa = PBXFileReference; explicitFileType = wrapper.application; includeInIndex = 0; path = MyGame.app; sourceTree = BUILT_PRODUCTS_DIR; };
		9424D9DB101EC2AB00E5B4BA /* Audio.c */ = {isa = PBXFileReference; fileEncoding = 4; lastKnownFileType = sourcecode.c.c; name = Audio.c; path = lib/Audio.c; sourceTree = "<group>"; };
		9424D9DC101EC2AB00E5B4BA /* Audio.h */ = {isa = PBXFileReference; fileEncoding = 4; lastKnownFileType = sourcecode.c.h; name = Audio.h; path = lib/Audio.h; sourceTree = "<group>"; };
		9424D9DD101EC2AB00E5B4BA /* Camera.c */ = {isa = PBXFileReference; fileEncoding = 4; lastKnownFileType = sourcecode.c.c; name = Camera.c; path = lib/Camera.c; sourceTree = "<group>"; };
		9424D9DE101EC2AB00E5B4BA /* Camera.h */ = {isa = PBXFileReference; fileEncoding = 4; lastKnownFileType = sourcecode.c.h; name = Camera.h; path = lib/Camera.h; sourceTree = "<group>"; };
		9424D9DF101EC2AB00E5B4BA /* Colors.c */ = {isa = PBXFileReference; fileEncoding = 4; lastKnownFileType = sourcecode.c.c; name = Colors.c; path = lib/Colors.c; sourceTree = "<group>"; };
		9424D9E0101EC2AB00E5B4BA /* Colors.h */ = {isa = PBXFileReference; fileEncoding = 4; lastKnownFileType = sourcecode.c.h; name = Colors.h; path = lib/Colors.h; sourceTree = "<group>"; };
		9424D9E1101EC2AB00E5B4BA /* Core.c */ = {isa = PBXFileReference; fileEncoding = 4; lastKnownFileType = sourcecode.c.c; name = Core.c; path = lib/Core.c; sourceTree = "<group>"; };
		9424D9E2101EC2AB00E5B4BA /* Core.h */ = {isa = PBXFileReference; fileEncoding = 4; lastKnownFileType = sourcecode.c.h; name = Core.h; path = lib/Core.h; sourceTree = "<group>"; };
		9424D9E3101EC2AB00E5B4BA /* Geometry.c */ = {isa = PBXFileReference; fileEncoding = 4; lastKnownFileType = sourcecode.c.c; name = Geometry.c; path = lib/Geometry.c; sourceTree = "<group>"; };
		9424D9E4101EC2AB00E5B4BA /* Geometry.h */ = {isa = PBXFileReference; fileEncoding = 4; lastKnownFileType = sourcecode.c.h; name = Geometry.h; path = lib/Geometry.h; sourceTree = "<group>"; };
		9424D9E5101EC2AB00E5B4BA /* Graphics.c */ = {isa = PBXFileReference; fileEncoding = 4; lastKnownFileType = sourcecode.c.c; name = Graphics.c; path = lib/Graphics.c; sourceTree = "<group>"; };
		9424D9E6101EC2AB00E5B4BA /* Graphics.h */ = {isa = PBXFileReference; fileEncoding = 4; lastKnownFileType = sourcecode.c.h; name = Graphics.h; path = lib/Graphics.h; sourceTree = "<group>"; };
		9424D9E7101EC2AB00E5B4BA /* Input.c */ = {isa = PBXFileReference; fileEncoding = 4; lastKnownFileType = sourcecode.c.c; name = Input.c; path = lib/Input.c; sourceTree = "<group>"; };
		9424D9E8101EC2AB00E5B4BA /* Input.h */ = {isa = PBXFileReference; fileEncoding = 4; lastKnownFileType = sourcecode.c.h; name = Input.h; path = lib/Input.h; sourceTree = "<group>"; };
		9424D9E9101EC2AB00E5B4BA /* Physics.c */ = {isa = PBXFileReference; fileEncoding = 4; lastKnownFileType = sourcecode.c.c; name = Physics.c; path = lib/Physics.c; sourceTree = "<group>"; };
		9424D9EA101EC2AB00E5B4BA /* Physics.h */ = {isa = PBXFileReference; fileEncoding = 4; lastKnownFileType = sourcecode.c.h; name = Physics.h; path = lib/Physics.h; sourceTree = "<group>"; };
		9424D9EB101EC2AB00E5B4BA /* PointerManager.h */ = {isa = PBXFileReference; fileEncoding = 4; lastKnownFileType = sourcecode.c.h; name = PointerManager.h; path = lib/PointerManager.h; sourceTree = "<group>"; };
		9424D9EC101EC2AB00E5B4BA /* PointerManager.m */ = {isa = PBXFileReference; fileEncoding = 4; lastKnownFileType = sourcecode.c.objc; name = PointerManager.m; path = lib/PointerManager.m; sourceTree = "<group>"; };
		9424D9ED101EC2AB00E5B4BA /* Resources.c */ = {isa = PBXFileReference; fileEncoding = 4; lastKnownFileType = sourcecode.c.c; name = Resources.c; path = lib/Resources.c; sourceTree = "<group>"; };
		9424D9EE101EC2AB00E5B4BA /* Resources.h */ = {isa = PBXFileReference; fileEncoding = 4; lastKnownFileType = sourcecode.c.h; name = Resources.h; path = lib/Resources.h; sourceTree = "<group>"; };
		9424D9EF101EC2AB00E5B4BA /* SDL.framework */ = {isa = PBXFileReference; lastKnownFileType = wrapper.framework; name = SDL.framework; path = lib/SDL.framework; sourceTree = "<group>"; };
		9424D9F0101EC2AB00E5B4BA /* SDL_gfx.framework */ = {isa = PBXFileReference; lastKnownFileType = wrapper.framework; name = SDL_gfx.framework; path = lib/SDL_gfx.framework; sourceTree = "<group>"; };
		9424D9F1101EC2AB00E5B4BA /* SDL_image.framework */ = {isa = PBXFileReference; lastKnownFileType = wrapper.framework; name = SDL_image.framework; path = lib/SDL_image.framework; sourceTree = "<group>"; };
		9424D9F2101EC2AB00E5B4BA /* SDL_mixer.framework */ = {isa = PBXFileReference; lastKnownFileType = wrapper.framework; name = SDL_mixer.framework; path = lib/SDL_mixer.framework; sourceTree = "<group>"; };
		9424D9F3101EC2AB00E5B4BA /* SDL_ttf.framework */ = {isa = PBXFileReference; lastKnownFileType = wrapper.framework; name = SDL_ttf.framework; path = lib/SDL_ttf.framework; sourceTree = "<group>"; };
		9424D9F4101EC2AB00E5B4BA /* SGAudio.h */ = {isa = PBXFileReference; fileEncoding = 4; lastKnownFileType = sourcecode.c.h; name = SGAudio.h; path = lib/SGAudio.h; sourceTree = "<group>"; };
		9424D9F5101EC2AB00E5B4BA /* SGAudio.m */ = {isa = PBXFileReference; fileEncoding = 4; lastKnownFileType = sourcecode.c.objc; name = SGAudio.m; path = lib/SGAudio.m; sourceTree = "<group>"; };
		9424D9F6101EC2AB00E5B4BA /* SGBitmap.h */ = {isa = PBXFileReference; fileEncoding = 4; lastKnownFileType = sourcecode.c.h; name = SGBitmap.h; path = lib/SGBitmap.h; sourceTree = "<group>"; };
		9424D9F7101EC2AB00E5B4BA /* SGBitmap.m */ = {isa = PBXFileReference; fileEncoding = 4; lastKnownFileType = sourcecode.c.objc; name = SGBitmap.m; path = lib/SGBitmap.m; sourceTree = "<group>"; };
		9424D9F8101EC2AB00E5B4BA /* SGCamera.h */ = {isa = PBXFileReference; fileEncoding = 4; lastKnownFileType = sourcecode.c.h; name = SGCamera.h; path = lib/SGCamera.h; sourceTree = "<group>"; };
		9424D9F9101EC2AB00E5B4BA /* SGCamera.m */ = {isa = PBXFileReference; fileEncoding = 4; lastKnownFileType = sourcecode.c.objc; name = SGCamera.m; path = lib/SGCamera.m; sourceTree = "<group>"; };
		9424D9FA101EC2AB00E5B4BA /* SGCircle.h */ = {isa = PBXFileReference; fileEncoding = 4; lastKnownFileType = sourcecode.c.h; name = SGCircle.h; path = lib/SGCircle.h; sourceTree = "<group>"; };
		9424D9FB101EC2AB00E5B4BA /* SGCircle.m */ = {isa = PBXFileReference; fileEncoding = 4; lastKnownFileType = sourcecode.c.objc; name = SGCircle.m; path = lib/SGCircle.m; sourceTree = "<group>"; };
		9424D9FC101EC2AB00E5B4BA /* SGColors.h */ = {isa = PBXFileReference; fileEncoding = 4; lastKnownFileType = sourcecode.c.h; name = SGColors.h; path = lib/SGColors.h; sourceTree = "<group>"; };
		9424D9FD101EC2AB00E5B4BA /* SGColors.m */ = {isa = PBXFileReference; fileEncoding = 4; lastKnownFileType = sourcecode.c.objc; name = SGColors.m; path = lib/SGColors.m; sourceTree = "<group>"; };
		9424D9FE101EC2AB00E5B4BA /* SGCore.h */ = {isa = PBXFileReference; fileEncoding = 4; lastKnownFileType = sourcecode.c.h; name = SGCore.h; path = lib/SGCore.h; sourceTree = "<group>"; };
		9424D9FF101EC2AB00E5B4BA /* SGCore.m */ = {isa = PBXFileReference; fileEncoding = 4; lastKnownFileType = sourcecode.c.objc; name = SGCore.m; path = lib/SGCore.m; sourceTree = "<group>"; };
		9424DA00101EC2AB00E5B4BA /* SGFont.h */ = {isa = PBXFileReference; fileEncoding = 4; lastKnownFileType = sourcecode.c.h; name = SGFont.h; path = lib/SGFont.h; sourceTree = "<group>"; };
		9424DA01101EC2AB00E5B4BA /* SGFont.m */ = {isa = PBXFileReference; fileEncoding = 4; lastKnownFileType = sourcecode.c.objc; name = SGFont.m; path = lib/SGFont.m; sourceTree = "<group>"; };
		9424DA02101EC2AB00E5B4BA /* SGGeometry.h */ = {isa = PBXFileReference; fileEncoding = 4; lastKnownFileType = sourcecode.c.h; name = SGGeometry.h; path = lib/SGGeometry.h; sourceTree = "<group>"; };
		9424DA03101EC2AB00E5B4BA /* SGGeometry.m */ = {isa = PBXFileReference; fileEncoding = 4; lastKnownFileType = sourcecode.c.objc; name = SGGeometry.m; path = lib/SGGeometry.m; sourceTree = "<group>"; };
		9424DA04101EC2AB00E5B4BA /* SGGraphics.h */ = {isa = PBXFileReference; fileEncoding = 4; lastKnownFileType = sourcecode.c.h; name = SGGraphics.h; path = lib/SGGraphics.h; sourceTree = "<group>"; };
		9424DA05101EC2AB00E5B4BA /* SGGraphics.m */ = {isa = PBXFileReference; fileEncoding = 4; lastKnownFileType = sourcecode.c.objc; name = SGGraphics.m; path = lib/SGGraphics.m; sourceTree = "<group>"; };
		9424DA06101EC2AB00E5B4BA /* SGInput.h */ = {isa = PBXFileReference; fileEncoding = 4; lastKnownFileType = sourcecode.c.h; name = SGInput.h; path = lib/SGInput.h; sourceTree = "<group>"; };
		9424DA07101EC2AB00E5B4BA /* SGInput.m */ = {isa = PBXFileReference; fileEncoding = 4; lastKnownFileType = sourcecode.c.objc; name = SGInput.m; path = lib/SGInput.m; sourceTree = "<group>"; };
		9424DA08101EC2AB00E5B4BA /* SGLineSegment.h */ = {isa = PBXFileReference; fileEncoding = 4; lastKnownFileType = sourcecode.c.h; name = SGLineSegment.h; path = lib/SGLineSegment.h; sourceTree = "<group>"; };
		9424DA09101EC2AB00E5B4BA /* SGLineSegment.m */ = {isa = PBXFileReference; fileEncoding = 4; lastKnownFileType = sourcecode.c.objc; name = SGLineSegment.m; path = lib/SGLineSegment.m; sourceTree = "<group>"; };
		9424DA0A101EC2AB00E5B4BA /* SGMap.h */ = {isa = PBXFileReference; fileEncoding = 4; lastKnownFileType = sourcecode.c.h; name = SGMap.h; path = lib/SGMap.h; sourceTree = "<group>"; };
		9424DA0B101EC2AB00E5B4BA /* SGMap.m */ = {isa = PBXFileReference; fileEncoding = 4; lastKnownFileType = sourcecode.c.objc; name = SGMap.m; path = lib/SGMap.m; sourceTree = "<group>"; };
		9424DA0C101EC2AB00E5B4BA /* SGMapTile.h */ = {isa = PBXFileReference; fileEncoding = 4; lastKnownFileType = sourcecode.c.h; name = SGMapTile.h; path = lib/SGMapTile.h; sourceTree = "<group>"; };
		9424DA0D101EC2AB00E5B4BA /* SGMapTile.m */ = {isa = PBXFileReference; fileEncoding = 4; lastKnownFileType = sourcecode.c.objc; name = SGMapTile.m; path = lib/SGMapTile.m; sourceTree = "<group>"; };
		9424DA0E101EC2AB00E5B4BA /* SGMatrix2D.h */ = {isa = PBXFileReference; fileEncoding = 4; lastKnownFileType = sourcecode.c.h; name = SGMatrix2D.h; path = lib/SGMatrix2D.h; sourceTree = "<group>"; };
		9424DA0F101EC2AB00E5B4BA /* SGMatrix2D.m */ = {isa = PBXFileReference; fileEncoding = 4; lastKnownFileType = sourcecode.c.objc; name = SGMatrix2D.m; path = lib/SGMatrix2D.m; sourceTree = "<group>"; };
		9424DA10101EC2AB00E5B4BA /* SGMusic.h */ = {isa = PBXFileReference; fileEncoding = 4; lastKnownFileType = sourcecode.c.h; name = SGMusic.h; path = lib/SGMusic.h; sourceTree = "<group>"; };
		9424DA11101EC2AB00E5B4BA /* SGMusic.m */ = {isa = PBXFileReference; fileEncoding = 4; lastKnownFileType = sourcecode.c.objc; name = SGMusic.m; path = lib/SGMusic.m; sourceTree = "<group>"; };
		9424DA12101EC2AB00E5B4BA /* SGPhysics.h */ = {isa = PBXFileReference; fileEncoding = 4; lastKnownFileType = sourcecode.c.h; name = SGPhysics.h; path = lib/SGPhysics.h; sourceTree = "<group>"; };
		9424DA13101EC2AB00E5B4BA /* SGPhysics.m */ = {isa = PBXFileReference; fileEncoding = 4; lastKnownFileType = sourcecode.c.objc; name = SGPhysics.m; path = lib/SGPhysics.m; sourceTree = "<group>"; };
		9424DA14101EC2AB00E5B4BA /* SGPoint2D.h */ = {isa = PBXFileReference; fileEncoding = 4; lastKnownFileType = sourcecode.c.h; name = SGPoint2D.h; path = lib/SGPoint2D.h; sourceTree = "<group>"; };
		9424DA15101EC2AB00E5B4BA /* SGPoint2D.m */ = {isa = PBXFileReference; fileEncoding = 4; lastKnownFileType = sourcecode.c.objc; name = SGPoint2D.m; path = lib/SGPoint2D.m; sourceTree = "<group>"; };
		9424DA16101EC2AB00E5B4BA /* SGRectangle.h */ = {isa = PBXFileReference; fileEncoding = 4; lastKnownFileType = sourcecode.c.h; name = SGRectangle.h; path = lib/SGRectangle.h; sourceTree = "<group>"; };
		9424DA17101EC2AB00E5B4BA /* SGRectangle.m */ = {isa = PBXFileReference; fileEncoding = 4; lastKnownFileType = sourcecode.c.objc; name = SGRectangle.m; path = lib/SGRectangle.m; sourceTree = "<group>"; };
		9424DA18101EC2AB00E5B4BA /* SGResources.h */ = {isa = PBXFileReference; fileEncoding = 4; lastKnownFileType = sourcecode.c.h; name = SGResources.h; path = lib/SGResources.h; sourceTree = "<group>"; };
		9424DA19101EC2AB00E5B4BA /* SGResources.m */ = {isa = PBXFileReference; fileEncoding = 4; lastKnownFileType = sourcecode.c.objc; name = SGResources.m; path = lib/SGResources.m; sourceTree = "<group>"; };
		9424DA1A101EC2AB00E5B4BA /* SGSDK.framework */ = {isa = PBXFileReference; lastKnownFileType = wrapper.framework; name = SGSDK.framework; path = lib/SGSDK.framework; sourceTree = "<group>"; };
		9424DA1B101EC2AB00E5B4BA /* SGSDK.h */ = {isa = PBXFileReference; fileEncoding = 4; lastKnownFileType = sourcecode.c.h; name = SGSDK.h; path = lib/SGSDK.h; sourceTree = "<group>"; };
		9424DA1C101EC2AB00E5B4BA /* SGSoundEffect.h */ = {isa = PBXFileReference; fileEncoding = 4; lastKnownFileType = sourcecode.c.h; name = SGSoundEffect.h; path = lib/SGSoundEffect.h; sourceTree = "<group>"; };
		9424DA1D101EC2AB00E5B4BA /* SGSoundEffect.m */ = {isa = PBXFileReference; fileEncoding = 4; lastKnownFileType = sourcecode.c.objc; name = SGSoundEffect.m; path = lib/SGSoundEffect.m; sourceTree = "<group>"; };
		9424DA1E101EC2AB00E5B4BA /* SGSprite.h */ = {isa = PBXFileReference; fileEncoding = 4; lastKnownFileType = sourcecode.c.h; name = SGSprite.h; path = lib/SGSprite.h; sourceTree = "<group>"; };
		9424DA1F101EC2AB00E5B4BA /* SGSprite.m */ = {isa = PBXFileReference; fileEncoding = 4; lastKnownFileType = sourcecode.c.objc; name = SGSprite.m; path = lib/SGSprite.m; sourceTree = "<group>"; };
		9424DA20101EC2AB00E5B4BA /* SGSprites.h */ = {isa = PBXFileReference; fileEncoding = 4; lastKnownFileType = sourcecode.c.h; name = SGSprites.h; path = lib/SGSprites.h; sourceTree = "<group>"; };
		9424DA21101EC2AB00E5B4BA /* SGSprites.m */ = {isa = PBXFileReference; fileEncoding = 4; lastKnownFileType = sourcecode.c.objc; name = SGSprites.m; path = lib/SGSprites.m; sourceTree = "<group>"; };
		9424DA22101EC2AB00E5B4BA /* SGText.h */ = {isa = PBXFileReference; fileEncoding = 4; lastKnownFileType = sourcecode.c.h; name = SGText.h; path = lib/SGText.h; sourceTree = "<group>"; };
		9424DA23101EC2AB00E5B4BA /* SGText.m */ = {isa = PBXFileReference; fileEncoding = 4; lastKnownFileType = sourcecode.c.objc; name = SGText.m; path = lib/SGText.m; sourceTree = "<group>"; };
		9424DA24101EC2AB00E5B4BA /* SGTileMap.h */ = {isa = PBXFileReference; fileEncoding = 4; lastKnownFileType = sourcecode.c.h; name = SGTileMap.h; path = lib/SGTileMap.h; sourceTree = "<group>"; };
		9424DA25101EC2AB00E5B4BA /* SGTileMap.m */ = {isa = PBXFileReference; fileEncoding = 4; lastKnownFileType = sourcecode.c.objc; name = SGTileMap.m; path = lib/SGTileMap.m; sourceTree = "<group>"; };
		9424DA26101EC2AB00E5B4BA /* SGTimer.h */ = {isa = PBXFileReference; fileEncoding = 4; lastKnownFileType = sourcecode.c.h; name = SGTimer.h; path = lib/SGTimer.h; sourceTree = "<group>"; };
		9424DA27101EC2AB00E5B4BA /* SGTimer.m */ = {isa = PBXFileReference; fileEncoding = 4; lastKnownFileType = sourcecode.c.objc; name = SGTimer.m; path = lib/SGTimer.m; sourceTree = "<group>"; };
		9424DA28101EC2AB00E5B4BA /* SGTriangle.h */ = {isa = PBXFileReference; fileEncoding = 4; lastKnownFileType = sourcecode.c.h; name = SGTriangle.h; path = lib/SGTriangle.h; sourceTree = "<group>"; };
		9424DA29101EC2AB00E5B4BA /* SGTriangle.m */ = {isa = PBXFileReference; fileEncoding = 4; lastKnownFileType = sourcecode.c.objc; name = SGTriangle.m; path = lib/SGTriangle.m; sourceTree = "<group>"; };
		9424DA2A101EC2AB00E5B4BA /* SGTypes.h */ = {isa = PBXFileReference; fileEncoding = 4; lastKnownFileType = sourcecode.c.h; name = SGTypes.h; path = lib/SGTypes.h; sourceTree = "<group>"; };
		9424DA2B101EC2AB00E5B4BA /* SGUtils.h */ = {isa = PBXFileReference; fileEncoding = 4; lastKnownFileType = sourcecode.c.h; name = SGUtils.h; path = lib/SGUtils.h; sourceTree = "<group>"; };
		9424DA2C101EC2AB00E5B4BA /* SGUtils.m */ = {isa = PBXFileReference; fileEncoding = 4; lastKnownFileType = sourcecode.c.objc; name = SGUtils.m; path = lib/SGUtils.m; sourceTree = "<group>"; };
		9424DA2D101EC2AB00E5B4BA /* SGVector.h */ = {isa = PBXFileReference; fileEncoding = 4; lastKnownFileType = sourcecode.c.h; name = SGVector.h; path = lib/SGVector.h; sourceTree = "<group>"; };
		9424DA2E101EC2AB00E5B4BA /* SGVector.m */ = {isa = PBXFileReference; fileEncoding = 4; lastKnownFileType = sourcecode.c.objc; name = SGVector.m; path = lib/SGVector.m; sourceTree = "<group>"; };
		9424DA2F101EC2AB00E5B4BA /* Sprites.c */ = {isa = PBXFileReference; fileEncoding = 4; lastKnownFileType = sourcecode.c.c; name = Sprites.c; path = lib/Sprites.c; sourceTree = "<group>"; };
		9424DA30101EC2AB00E5B4BA /* Sprites.h */ = {isa = PBXFileReference; fileEncoding = 4; lastKnownFileType = sourcecode.c.h; name = Sprites.h; path = lib/Sprites.h; sourceTree = "<group>"; };
		9424DA31101EC2AB00E5B4BA /* SwinGame.h */ = {isa = PBXFileReference; fileEncoding = 4; lastKnownFileType = sourcecode.c.h; name = SwinGame.h; path = lib/SwinGame.h; sourceTree = "<group>"; };
		9424DA32101EC2AB00E5B4BA /* Text.c */ = {isa = PBXFileReference; fileEncoding = 4; lastKnownFileType = sourcecode.c.c; name = Text.c; path = lib/Text.c; sourceTree = "<group>"; };
		9424DA33101EC2AB00E5B4BA /* Text.h */ = {isa = PBXFileReference; fileEncoding = 4; lastKnownFileType = sourcecode.c.h; name = Text.h; path = lib/Text.h; sourceTree = "<group>"; };
		9424DA34101EC2AB00E5B4BA /* TileMap.c */ = {isa = PBXFileReference; fileEncoding = 4; lastKnownFileType = sourcecode.c.c; name = TileMap.c; path = lib/TileMap.c; sourceTree = "<group>"; };
		9424DA35101EC2AB00E5B4BA /* TileMap.h */ = {isa = PBXFileReference; fileEncoding = 4; lastKnownFileType = sourcecode.c.h; name = TileMap.h; path = lib/TileMap.h; sourceTree = "<group>"; };
		9424DA36101EC2AB00E5B4BA /* Types.h */ = {isa = PBXFileReference; fileEncoding = 4; lastKnownFileType = sourcecode.c.h; name = Types.h; path = lib/Types.h; sourceTree = "<group>"; };
		94E481231088229000AA74FD /* SGShape.h */ = {isa = PBXFileReference; fileEncoding = 4; lastKnownFileType = sourcecode.c.h; name = SGShape.h; path = lib/SGShape.h; sourceTree = "<group>"; };
		94E481241088229000AA74FD /* SGShape.m */ = {isa = PBXFileReference; fileEncoding = 4; lastKnownFileType = sourcecode.c.objc; name = SGShape.m; path = lib/SGShape.m; sourceTree = "<group>"; };
		94E481251088229000AA74FD /* SGShapeData.h */ = {isa = PBXFileReference; fileEncoding = 4; lastKnownFileType = sourcecode.c.h; name = SGShapeData.h; path = lib/SGShapeData.h; sourceTree = "<group>"; };
		94E481261088229000AA74FD /* SGShapeData.m */ = {isa = PBXFileReference; fileEncoding = 4; lastKnownFileType = sourcecode.c.objc; name = SGShapeData.m; path = lib/SGShapeData.m; sourceTree = "<group>"; };
		94E481271088229000AA74FD /* SGShapePrototype.h */ = {isa = PBXFileReference; fileEncoding = 4; lastKnownFileType = sourcecode.c.h; name = SGShapePrototype.h; path = lib/SGShapePrototype.h; sourceTree = "<group>"; };
		94E481281088229000AA74FD /* SGShapePrototype.m */ = {isa = PBXFileReference; fileEncoding = 4; lastKnownFileType = sourcecode.c.objc; name = SGShapePrototype.m; path = lib/SGShapePrototype.m; sourceTree = "<group>"; };
		94E481291088229000AA74FD /* SGShapePrototypeData.h */ = {isa = PBXFileReference; fileEncoding = 4; lastKnownFileType = sourcecode.c.h; name = SGShapePrototypeData.h; path = lib/SGShapePrototypeData.h; sourceTree = "<group>"; };
		94E4812A1088229000AA74FD /* SGShapePrototypeData.m */ = {isa = PBXFileReference; fileEncoding = 4; lastKnownFileType = sourcecode.c.objc; name = SGShapePrototypeData.m; path = lib/SGShapePrototypeData.m; sourceTree = "<group>"; };
		94F1F567101EC46F006F3D32 /* main.m */ = {isa = PBXFileReference; fileEncoding = 4; lastKnownFileType = sourcecode.c.objc; name = main.m; path = src/main.m; sourceTree = "<group>"; };
/* End PBXFileReference section */

/* Begin PBXFrameworksBuildPhase section */
		8D11072E0486CEB800E47090 /* Frameworks */ = {
			isa = PBXFrameworksBuildPhase;
			buildActionMask = 2147483647;
			files = (
				9424DA6F101EC34F00E5B4BA /* Foundation.framework in Frameworks */,
				8D11072F0486CEB800E47090 /* Cocoa.framework in Frameworks */,
				9424DA41101EC2AB00E5B4BA /* SDL.framework in Frameworks */,
				9424DA42101EC2AB00E5B4BA /* SDL_gfx.framework in Frameworks */,
				9424DA43101EC2AB00E5B4BA /* SDL_image.framework in Frameworks */,
				9424DA44101EC2AB00E5B4BA /* SDL_mixer.framework in Frameworks */,
				9424DA45101EC2AB00E5B4BA /* SDL_ttf.framework in Frameworks */,
				9424DA59101EC2AB00E5B4BA /* SGSDK.framework in Frameworks */,
			);
			runOnlyForDeploymentPostprocessing = 0;
		};
/* End PBXFrameworksBuildPhase section */

/* Begin PBXGroup section */
		080E96DDFE201D6D7F000001 /* Classes */ = {
			isa = PBXGroup;
			children = (
			);
			name = Classes;
			path = src;
			sourceTree = "<group>";
		};
		1058C7A0FEA54F0111CA2CBB /* SwinGame Code */ = {
			isa = PBXGroup;
			children = (
				94E481231088229000AA74FD /* SGShape.h */,
				94E481241088229000AA74FD /* SGShape.m */,
				94E481251088229000AA74FD /* SGShapeData.h */,
				94E481261088229000AA74FD /* SGShapeData.m */,
				94E481271088229000AA74FD /* SGShapePrototype.h */,
				94E481281088229000AA74FD /* SGShapePrototype.m */,
				94E481291088229000AA74FD /* SGShapePrototypeData.h */,
				94E4812A1088229000AA74FD /* SGShapePrototypeData.m */,
				9424D9DB101EC2AB00E5B4BA /* Audio.c */,
				9424D9DC101EC2AB00E5B4BA /* Audio.h */,
				9424D9DD101EC2AB00E5B4BA /* Camera.c */,
				9424D9DE101EC2AB00E5B4BA /* Camera.h */,
				9424D9DF101EC2AB00E5B4BA /* Colors.c */,
				9424D9E0101EC2AB00E5B4BA /* Colors.h */,
				9424D9E1101EC2AB00E5B4BA /* Core.c */,
				9424D9E2101EC2AB00E5B4BA /* Core.h */,
				9424D9E3101EC2AB00E5B4BA /* Geometry.c */,
				9424D9E4101EC2AB00E5B4BA /* Geometry.h */,
				9424D9E5101EC2AB00E5B4BA /* Graphics.c */,
				9424D9E6101EC2AB00E5B4BA /* Graphics.h */,
				9424D9E7101EC2AB00E5B4BA /* Input.c */,
				9424D9E8101EC2AB00E5B4BA /* Input.h */,
				9424D9E9101EC2AB00E5B4BA /* Physics.c */,
				9424D9EA101EC2AB00E5B4BA /* Physics.h */,
				9424D9EB101EC2AB00E5B4BA /* PointerManager.h */,
				9424D9EC101EC2AB00E5B4BA /* PointerManager.m */,
				9424D9ED101EC2AB00E5B4BA /* Resources.c */,
				9424D9EE101EC2AB00E5B4BA /* Resources.h */,
				9424D9F4101EC2AB00E5B4BA /* SGAudio.h */,
				9424D9F5101EC2AB00E5B4BA /* SGAudio.m */,
				9424D9F6101EC2AB00E5B4BA /* SGBitmap.h */,
				9424D9F7101EC2AB00E5B4BA /* SGBitmap.m */,
				9424D9F8101EC2AB00E5B4BA /* SGCamera.h */,
				9424D9F9101EC2AB00E5B4BA /* SGCamera.m */,
				9424D9FA101EC2AB00E5B4BA /* SGCircle.h */,
				9424D9FB101EC2AB00E5B4BA /* SGCircle.m */,
				9424D9FC101EC2AB00E5B4BA /* SGColors.h */,
				9424D9FD101EC2AB00E5B4BA /* SGColors.m */,
				9424D9FE101EC2AB00E5B4BA /* SGCore.h */,
				9424D9FF101EC2AB00E5B4BA /* SGCore.m */,
				9424DA00101EC2AB00E5B4BA /* SGFont.h */,
				9424DA01101EC2AB00E5B4BA /* SGFont.m */,
				9424DA02101EC2AB00E5B4BA /* SGGeometry.h */,
				9424DA03101EC2AB00E5B4BA /* SGGeometry.m */,
				9424DA04101EC2AB00E5B4BA /* SGGraphics.h */,
				9424DA05101EC2AB00E5B4BA /* SGGraphics.m */,
				9424DA06101EC2AB00E5B4BA /* SGInput.h */,
				9424DA07101EC2AB00E5B4BA /* SGInput.m */,
				9424DA08101EC2AB00E5B4BA /* SGLineSegment.h */,
				9424DA09101EC2AB00E5B4BA /* SGLineSegment.m */,
				9424DA0A101EC2AB00E5B4BA /* SGMap.h */,
				9424DA0B101EC2AB00E5B4BA /* SGMap.m */,
				9424DA0C101EC2AB00E5B4BA /* SGMapTile.h */,
				9424DA0D101EC2AB00E5B4BA /* SGMapTile.m */,
				9424DA0E101EC2AB00E5B4BA /* SGMatrix2D.h */,
				9424DA0F101EC2AB00E5B4BA /* SGMatrix2D.m */,
				9424DA10101EC2AB00E5B4BA /* SGMusic.h */,
				9424DA11101EC2AB00E5B4BA /* SGMusic.m */,
				9424DA12101EC2AB00E5B4BA /* SGPhysics.h */,
				9424DA13101EC2AB00E5B4BA /* SGPhysics.m */,
				9424DA14101EC2AB00E5B4BA /* SGPoint2D.h */,
				9424DA15101EC2AB00E5B4BA /* SGPoint2D.m */,
				9424DA16101EC2AB00E5B4BA /* SGRectangle.h */,
				9424DA17101EC2AB00E5B4BA /* SGRectangle.m */,
				9424DA18101EC2AB00E5B4BA /* SGResources.h */,
				9424DA19101EC2AB00E5B4BA /* SGResources.m */,
				9424DA1B101EC2AB00E5B4BA /* SGSDK.h */,
				9424DA1C101EC2AB00E5B4BA /* SGSoundEffect.h */,
				9424DA1D101EC2AB00E5B4BA /* SGSoundEffect.m */,
				9424DA1E101EC2AB00E5B4BA /* SGSprite.h */,
				9424DA1F101EC2AB00E5B4BA /* SGSprite.m */,
				9424DA20101EC2AB00E5B4BA /* SGSprites.h */,
				9424DA21101EC2AB00E5B4BA /* SGSprites.m */,
				9424DA22101EC2AB00E5B4BA /* SGText.h */,
				9424DA23101EC2AB00E5B4BA /* SGText.m */,
				9424DA24101EC2AB00E5B4BA /* SGTileMap.h */,
				9424DA25101EC2AB00E5B4BA /* SGTileMap.m */,
				9424DA26101EC2AB00E5B4BA /* SGTimer.h */,
				9424DA27101EC2AB00E5B4BA /* SGTimer.m */,
				9424DA28101EC2AB00E5B4BA /* SGTriangle.h */,
				9424DA29101EC2AB00E5B4BA /* SGTriangle.m */,
				9424DA2A101EC2AB00E5B4BA /* SGTypes.h */,
				9424DA2B101EC2AB00E5B4BA /* SGUtils.h */,
				9424DA2C101EC2AB00E5B4BA /* SGUtils.m */,
				9424DA2D101EC2AB00E5B4BA /* SGVector.h */,
				9424DA2E101EC2AB00E5B4BA /* SGVector.m */,
				9424DA2F101EC2AB00E5B4BA /* Sprites.c */,
				9424DA30101EC2AB00E5B4BA /* Sprites.h */,
				9424DA31101EC2AB00E5B4BA /* SwinGame.h */,
				9424DA32101EC2AB00E5B4BA /* Text.c */,
				9424DA33101EC2AB00E5B4BA /* Text.h */,
				9424DA34101EC2AB00E5B4BA /* TileMap.c */,
				9424DA35101EC2AB00E5B4BA /* TileMap.h */,
				9424DA36101EC2AB00E5B4BA /* Types.h */,
			);
			name = "SwinGame Code";
			sourceTree = "<group>";
		};
		19C28FACFE9D520D11CA2CBB /* Products */ = {
			isa = PBXGroup;
			children = (
				8D1107320486CEB800E47090 /* MyGame.app */,
			);
			name = Products;
			sourceTree = "<group>";
		};
		29B97314FDCFA39411CA2CEA /* MyGame */ = {
			isa = PBXGroup;
			children = (
				080E96DDFE201D6D7F000001 /* Classes */,
				29B97315FDCFA39411CA2CEA /* Other Sources */,
				29B97323FDCFA39411CA2CEA /* Libraries and Frameworks */,
				19C28FACFE9D520D11CA2CBB /* Products */,
			);
			name = MyGame;
			sourceTree = "<group>";
		};
		29B97315FDCFA39411CA2CEA /* Other Sources */ = {
			isa = PBXGroup;
			children = (
				94F1F567101EC46F006F3D32 /* main.m */,
			);
			name = "Other Sources";
			sourceTree = "<group>";
		};
		29B97323FDCFA39411CA2CEA /* Libraries and Frameworks */ = {
			isa = PBXGroup;
			children = (
				1058C7A0FEA54F0111CA2CBB /* SwinGame Code */,
				9424DA1A101EC2AB00E5B4BA /* SGSDK.framework */,
				9424D9F0101EC2AB00E5B4BA /* SDL_gfx.framework */,
				9424D9EF101EC2AB00E5B4BA /* SDL.framework */,
				9424D9F1101EC2AB00E5B4BA /* SDL_image.framework */,
				9424D9F2101EC2AB00E5B4BA /* SDL_mixer.framework */,
				9424D9F3101EC2AB00E5B4BA /* SDL_ttf.framework */,
				1058C7A1FEA54F0111CA2CBB /* Cocoa.framework */,
				29B97325FDCFA39411CA2CEA /* Foundation.framework */,
			);
			name = "Libraries and Frameworks";
			sourceTree = "<group>";
		};
/* End PBXGroup section */

/* Begin PBXNativeTarget section */
		8D1107260486CEB800E47090 /* MyGame */ = {
			isa = PBXNativeTarget;
			buildConfigurationList = C01FCF4A08A954540054247B /* Build configuration list for PBXNativeTarget "MyGame" */;
			buildPhases = (
				8D11072C0486CEB800E47090 /* Sources */,
				8D11072E0486CEB800E47090 /* Frameworks */,
				9424DA6E101EC33A00E5B4BA /* Copy Frameworks */,
				9424DA73101EC39800E5B4BA /* Copy Resources */,
			);
			buildRules = (
			);
			dependencies = (
			);
			name = MyGame;
			productInstallPath = "$(HOME)/Applications";
			productName = MyGame;
			productReference = 8D1107320486CEB800E47090 /* MyGame.app */;
			productType = "com.apple.product-type.application";
		};
/* End PBXNativeTarget section */

/* Begin PBXProject section */
		29B97313FDCFA39411CA2CEA /* Project object */ = {
			isa = PBXProject;
			buildConfigurationList = C01FCF4E08A954540054247B /* Build configuration list for PBXProject "MyGame" */;
			compatibilityVersion = "Xcode 3.1";
			hasScannedForEncodings = 1;
			mainGroup = 29B97314FDCFA39411CA2CEA /* MyGame */;
			projectDirPath = "";
			projectRoot = "";
			targets = (
				8D1107260486CEB800E47090 /* MyGame */,
			);
		};
/* End PBXProject section */

/* Begin PBXShellScriptBuildPhase section */
		9424DA73101EC39800E5B4BA /* Copy Resources */ = {
			isa = PBXShellScriptBuildPhase;
			buildActionMask = 2147483647;
			files = (
			);
			inputPaths = (
			);
			name = "Copy Resources";
			outputPaths = (
			);
			runOnlyForDeploymentPostprocessing = 0;
			shellPath = /bin/sh;
			shellScript = "copyWithoutSVN()\n{\n    FROM_DIR=$1\n    TO_DIR=$2\n    \n    cd \"${FROM_DIR}\"\n    \n    # Create directory structure\n    find . -mindepth 1 -type d ! -path \\*.svn\\* -exec sh -c \"if [ ! -d '${TO_DIR}/{}' ]; then mkdir -p '${TO_DIR}/{}' ; fi\" \\;\n    # Copy files and links\n    find . ! -path \\*.svn\\* ! -name \\*.DS_Store ! -type d -exec cp -R -p {} \"${TO_DIR}/{}\"  \\;\n}\n\nRESOURCE_DIR=\"${TARGET_BUILD_DIR}/${PRODUCT_NAME}.app/Contents/Resources\"\ncopyWithoutSVN \"${SRCROOT}/Resources\" \"${RESOURCE_DIR}\"\n\n\n";
		};
/* End PBXShellScriptBuildPhase section */

/* Begin PBXSourcesBuildPhase section */
		8D11072C0486CEB800E47090 /* Sources */ = {
			isa = PBXSourcesBuildPhase;
			buildActionMask = 2147483647;
			files = (
				9424DA37101EC2AB00E5B4BA /* Audio.c in Sources */,
				9424DA38101EC2AB00E5B4BA /* Camera.c in Sources */,
				9424DA39101EC2AB00E5B4BA /* Colors.c in Sources */,
				9424DA3A101EC2AB00E5B4BA /* Core.c in Sources */,
				9424DA3B101EC2AB00E5B4BA /* Geometry.c in Sources */,
				9424DA3C101EC2AB00E5B4BA /* Graphics.c in Sources */,
				9424DA3D101EC2AB00E5B4BA /* Input.c in Sources */,
				9424DA3E101EC2AB00E5B4BA /* Physics.c in Sources */,
				9424DA3F101EC2AB00E5B4BA /* PointerManager.m in Sources */,
				9424DA40101EC2AB00E5B4BA /* Resources.c in Sources */,
				9424DA46101EC2AB00E5B4BA /* SGAudio.m in Sources */,
				9424DA47101EC2AB00E5B4BA /* SGBitmap.m in Sources */,
				9424DA48101EC2AB00E5B4BA /* SGCamera.m in Sources */,
				9424DA49101EC2AB00E5B4BA /* SGCircle.m in Sources */,
				9424DA4A101EC2AB00E5B4BA /* SGColors.m in Sources */,
				9424DA4B101EC2AB00E5B4BA /* SGCore.m in Sources */,
				9424DA4C101EC2AB00E5B4BA /* SGFont.m in Sources */,
				9424DA4D101EC2AB00E5B4BA /* SGGeometry.m in Sources */,
				9424DA4E101EC2AB00E5B4BA /* SGGraphics.m in Sources */,
				9424DA4F101EC2AB00E5B4BA /* SGInput.m in Sources */,
				9424DA50101EC2AB00E5B4BA /* SGLineSegment.m in Sources */,
				9424DA51101EC2AB00E5B4BA /* SGMap.m in Sources */,
				9424DA52101EC2AB00E5B4BA /* SGMapTile.m in Sources */,
				9424DA53101EC2AB00E5B4BA /* SGMatrix2D.m in Sources */,
				9424DA54101EC2AB00E5B4BA /* SGMusic.m in Sources */,
				9424DA55101EC2AB00E5B4BA /* SGPhysics.m in Sources */,
				9424DA56101EC2AB00E5B4BA /* SGPoint2D.m in Sources */,
				9424DA57101EC2AB00E5B4BA /* SGRectangle.m in Sources */,
				9424DA58101EC2AB00E5B4BA /* SGResources.m in Sources */,
				9424DA5A101EC2AB00E5B4BA /* SGSoundEffect.m in Sources */,
				9424DA5B101EC2AB00E5B4BA /* SGSprite.m in Sources */,
				9424DA5C101EC2AB00E5B4BA /* SGSprites.m in Sources */,
				9424DA5D101EC2AB00E5B4BA /* SGText.m in Sources */,
				9424DA5E101EC2AB00E5B4BA /* SGTileMap.m in Sources */,
				9424DA5F101EC2AB00E5B4BA /* SGTimer.m in Sources */,
				9424DA60101EC2AB00E5B4BA /* SGTriangle.m in Sources */,
				9424DA61101EC2AB00E5B4BA /* SGUtils.m in Sources */,
				9424DA62101EC2AB00E5B4BA /* SGVector.m in Sources */,
				9424DA63101EC2AB00E5B4BA /* Sprites.c in Sources */,
				9424DA64101EC2AB00E5B4BA /* Text.c in Sources */,
				9424DA65101EC2AB00E5B4BA /* TileMap.c in Sources */,
				94F1F568101EC46F006F3D32 /* main.m in Sources */,
				94E4812B1088229000AA74FD /* SGShape.m in Sources */,
				94E4812C1088229000AA74FD /* SGShapeData.m in Sources */,
				94E4812D1088229000AA74FD /* SGShapePrototype.m in Sources */,
				94E4812E1088229000AA74FD /* SGShapePrototypeData.m in Sources */,
			);
			runOnlyForDeploymentPostprocessing = 0;
		};
/* End PBXSourcesBuildPhase section */

/* Begin XCBuildConfiguration section */
		C01FCF4B08A954540054247B /* Debug */ = {
			isa = XCBuildConfiguration;
			buildSettings = {
				ALWAYS_SEARCH_USER_PATHS = NO;
				COPY_PHASE_STRIP = NO;
				FRAMEWORK_SEARCH_PATHS = (
					"$(inherited)",
					"\"$(SRCROOT)/lib\"",
				);
				GCC_DYNAMIC_NO_PIC = NO;
				GCC_ENABLE_FIX_AND_CONTINUE = YES;
				GCC_MODEL_TUNING = G5;
				GCC_OPTIMIZATION_LEVEL = 0;
				GCC_PRECOMPILE_PREFIX_HEADER = NO;
				INFOPLIST_FILE = Info.plist;
				INSTALL_PATH = "$(HOME)/Applications";
				PRODUCT_NAME = "$(PROJECT_NAME)";
			};
			name = Debug;
		};
		C01FCF4C08A954540054247B /* Release */ = {
			isa = XCBuildConfiguration;
			buildSettings = {
				ALWAYS_SEARCH_USER_PATHS = NO;
				DEBUG_INFORMATION_FORMAT = "dwarf-with-dsym";
				FRAMEWORK_SEARCH_PATHS = (
					"$(inherited)",
					"\"$(SRCROOT)/lib\"",
				);
				GCC_MODEL_TUNING = G5;
				GCC_PRECOMPILE_PREFIX_HEADER = YES;
				GCC_PREFIX_HEADER = MyGame_Prefix.pch;
				INFOPLIST_FILE = Info.plist;
				INSTALL_PATH = "$(HOME)/Applications";
				PRODUCT_NAME = MyGame;
			};
			name = Release;
		};
		C01FCF4F08A954540054247B /* Debug */ = {
			isa = XCBuildConfiguration;
			buildSettings = {
				ARCHS = "$(ARCHS_STANDARD_32_BIT)";
				GCC_C_LANGUAGE_STANDARD = c99;
				GCC_OPTIMIZATION_LEVEL = 0;
				GCC_WARN_ABOUT_RETURN_TYPE = YES;
				GCC_WARN_UNUSED_VARIABLE = YES;
				ONLY_ACTIVE_ARCH = YES;
				PREBINDING = NO;
				SDKROOT = macosx10.5;
			};
			name = Debug;
		};
		C01FCF5008A954540054247B /* Release */ = {
			isa = XCBuildConfiguration;
			buildSettings = {
				ARCHS = "$(ARCHS_STANDARD_32_BIT)";
				GCC_C_LANGUAGE_STANDARD = c99;
				GCC_WARN_ABOUT_RETURN_TYPE = YES;
				GCC_WARN_UNUSED_VARIABLE = YES;
				PREBINDING = NO;
				SDKROOT = macosx10.5;
			};
			name = Release;
		};
/* End XCBuildConfiguration section */

/* Begin XCConfigurationList section */
		C01FCF4A08A954540054247B /* Build configuration list for PBXNativeTarget "MyGame" */ = {
			isa = XCConfigurationList;
			buildConfigurations = (
				C01FCF4B08A954540054247B /* Debug */,
				C01FCF4C08A954540054247B /* Release */,
			);
			defaultConfigurationIsVisible = 0;
			defaultConfigurationName = Release;
		};
		C01FCF4E08A954540054247B /* Build configuration list for PBXProject "MyGame" */ = {
			isa = XCConfigurationList;
			buildConfigurations = (
				C01FCF4F08A954540054247B /* Debug */,
				C01FCF5008A954540054247B /* Release */,
			);
			defaultConfigurationIsVisible = 0;
			defaultConfigurationName = Release;
		};
/* End XCConfigurationList section */
	};
	rootObject = 29B97313FDCFA39411CA2CEA /* Project object */;
}
