
Microsoft Visual Studio Solution File, Format Version 9.00
# Visual Studio 2005
Project("{FAE04EC0-301F-11D3-BF4B-00C04F79EFBC}") = "TomatoQuest", "TomatoQuest.csproj", "{303E6F2A-B9EE-428B-980E-A1266B7E523D}"
EndProject
Global
	GlobalSection(SolutionConfigurationPlatforms) = preSolution
		Debug|Any CPU = Debug|Any CPU
		Release|Any CPU = Release|Any CPU
	EndGlobalSection
	GlobalSection(ProjectConfigurationPlatforms) = postSolution
		{303E6F2A-B9EE-428B-980E-A1266B7E523D}.Debug|Any CPU.ActiveCfg = Debug|Any CPU
		{303E6F2A-B9EE-428B-980E-A1266B7E523D}.Debug|Any CPU.Build.0 = Debug|Any CPU
		{303E6F2A-B9EE-428B-980E-A1266B7E523D}.Release|Any CPU.ActiveCfg = Release|Any CPU
		{303E6F2A-B9EE-428B-980E-A1266B7E523D}.Release|Any CPU.Build.0 = Release|Any CPU
	EndGlobalSection
	GlobalSection(SolutionProperties) = preSolution
		HideSolutionNode = FALSE
	EndGlobalSection
EndGlobal
