// !$*UTF8*$!
{
	archiveVersion = 1;
	classes = {
	};
	objectVersion = 42;
	objects = {

/* Begin PBXBuildFile section */
		9412E8FE0BE0CB6500896057 /* GameLauncher.pas in Sources */ = {isa = PBXBuildFile; fileRef = 9412E8FC0BE0CB6500896057 /* GameLauncher.pas */; };
		9412E8FF0BE0CB6500896057 /* GameLogic.pas in Sources */ = {isa = PBXBuildFile; fileRef = 9412E8FD0BE0CB6500896057 /* GameLogic.pas */; };
		9412E9000BE0CB6C00896057 /* GameLogic.pas in Sources */ = {isa = PBXBuildFile; fileRef = 9412E8FD0BE0CB6500896057 /* GameLogic.pas */; };
		9412E9010BE0CB6C00896057 /* GameLauncher.pas in Sources */ = {isa = PBXBuildFile; fileRef = 9412E8FC0BE0CB6500896057 /* GameLauncher.pas */; };
		941BAE9C0BE19810007A2560 /* SwinGame.icns in Resources */ = {isa = PBXBuildFile; fileRef = 941BAE9B0BE19810007A2560 /* SwinGame.icns */; };
		947BE6510BE08E7400C1848D /* arial.ttf in Copy Fonts */ = {isa = PBXBuildFile; fileRef = 94F40A3B0BE03EBC008F8F00 /* arial.ttf */; };
		947BE6520BE08E7400C1848D /* cour.ttf in Copy Fonts */ = {isa = PBXBuildFile; fileRef = 94F40A3C0BE03EBC008F8F00 /* cour.ttf */; };
		947BE6C70BE0935100C1848D /* KeyCodes.pas in Sources */ = {isa = PBXBuildFile; fileRef = 947BE6BE0BE0935100C1848D /* KeyCodes.pas */; };
		947BE6C80BE0935100C1848D /* sdl.pas in Sources */ = {isa = PBXBuildFile; fileRef = 947BE6BF0BE0935100C1848D /* sdl.pas */; };
		947BE6C90BE0935100C1848D /* sdl_image.pas in Sources */ = {isa = PBXBuildFile; fileRef = 947BE6C00BE0935100C1848D /* sdl_image.pas */; };
		947BE6CA0BE0935100C1848D /* sdl_mixer.pas in Sources */ = {isa = PBXBuildFile; fileRef = 947BE6C10BE0935100C1848D /* sdl_mixer.pas */; };
		947BE6CB0BE0935100C1848D /* sdl_ttf.pas in Sources */ = {isa = PBXBuildFile; fileRef = 947BE6C20BE0935100C1848D /* sdl_ttf.pas */; };
		947BE6CC0BE0935100C1848D /* SDLEventProcessing.pas in Sources */ = {isa = PBXBuildFile; fileRef = 947BE6C30BE0935100C1848D /* SDLEventProcessing.pas */; };
		947BE6CD0BE0935100C1848D /* SwinGameAPI.pas in Sources */ = {isa = PBXBuildFile; fileRef = 947BE6C40BE0935100C1848D /* SwinGameAPI.pas */; };
		947BE6CE0BE0935100C1848D /* SwinGameDrawing.pas in Sources */ = {isa = PBXBuildFile; fileRef = 947BE6C50BE0935100C1848D /* SwinGameDrawing.pas */; };
		947BE6D60BE093FB00C1848D /* sdl_mixer.pas in Sources */ = {isa = PBXBuildFile; fileRef = 947BE6C10BE0935100C1848D /* sdl_mixer.pas */; };
		947BE6D70BE093FC00C1848D /* SwinGameAPI.pas in Sources */ = {isa = PBXBuildFile; fileRef = 947BE6C40BE0935100C1848D /* SwinGameAPI.pas */; };
		947BE6D80BE093FD00C1848D /* sdl_image.pas in Sources */ = {isa = PBXBuildFile; fileRef = 947BE6C00BE0935100C1848D /* sdl_image.pas */; };
		947BE6D90BE093FE00C1848D /* sdl.pas in Sources */ = {isa = PBXBuildFile; fileRef = 947BE6BF0BE0935100C1848D /* sdl.pas */; };
		947BE6DA0BE093FF00C1848D /* SwinGameDrawing.pas in Sources */ = {isa = PBXBuildFile; fileRef = 947BE6C50BE0935100C1848D /* SwinGameDrawing.pas */; };
		947BE6DB0BE0940000C1848D /* sdl_ttf.pas in Sources */ = {isa = PBXBuildFile; fileRef = 947BE6C20BE0935100C1848D /* sdl_ttf.pas */; };
		947BE6DC0BE0940100C1848D /* SDLEventProcessing.pas in Sources */ = {isa = PBXBuildFile; fileRef = 947BE6C30BE0935100C1848D /* SDLEventProcessing.pas */; };
		947BE6DD0BE0940100C1848D /* KeyCodes.pas in Sources */ = {isa = PBXBuildFile; fileRef = 947BE6BE0BE0935100C1848D /* KeyCodes.pas */; };
		94F40A360BE03E62008F8F00 /* libfpcrtl.a in Frameworks */ = {isa = PBXBuildFile; fileRef = 94968B810BDE287F00D76D55 /* libfpcrtl.a */; };
		94F40B2D0BE04EA9008F8F00 /* libjpeg.a in Frameworks */ = {isa = PBXBuildFile; fileRef = 94F40B160BE04EA9008F8F00 /* libjpeg.a */; };
		94F40B300BE04EA9008F8F00 /* libogg.a in Frameworks */ = {isa = PBXBuildFile; fileRef = 94F40B190BE04EA9008F8F00 /* libogg.a */; };
		94F40B320BE04EA9008F8F00 /* libpng12.a in Frameworks */ = {isa = PBXBuildFile; fileRef = 94F40B1B0BE04EA9008F8F00 /* libpng12.a */; };
		94F40B330BE04EA9008F8F00 /* libSDL_image.a in Frameworks */ = {isa = PBXBuildFile; fileRef = 94F40B1C0BE04EA9008F8F00 /* libSDL_image.a */; };
		94F40B340BE04EA9008F8F00 /* libSDL_mixer.a in Frameworks */ = {isa = PBXBuildFile; fileRef = 94F40B1D0BE04EA9008F8F00 /* libSDL_mixer.a */; };
		94F40B360BE04EA9008F8F00 /* libSDL_ttf.a in Frameworks */ = {isa = PBXBuildFile; fileRef = 94F40B1F0BE04EA9008F8F00 /* libSDL_ttf.a */; };
		94F40B370BE04EA9008F8F00 /* libSDL.a in Frameworks */ = {isa = PBXBuildFile; fileRef = 94F40B200BE04EA9008F8F00 /* libSDL.a */; };
		94F40B380BE04EA9008F8F00 /* libSDLmain.a in Frameworks */ = {isa = PBXBuildFile; fileRef = 94F40B210BE04EA9008F8F00 /* libSDLmain.a */; };
		94F40B390BE04EA9008F8F00 /* libsmpeg.a in Frameworks */ = {isa = PBXBuildFile; fileRef = 94F40B220BE04EA9008F8F00 /* libsmpeg.a */; };
		94F40B3A0BE04EA9008F8F00 /* libtiff.a in Frameworks */ = {isa = PBXBuildFile; fileRef = 94F40B230BE04EA9008F8F00 /* libtiff.a */; };
		94F40B640BE050CF008F8F00 /* libfreetype.a in Frameworks */ = {isa = PBXBuildFile; fileRef = 94F40B630BE050CF008F8F00 /* libfreetype.a */; };
		94F40B6E0BE052BB008F8F00 /* Carbon.framework in Frameworks */ = {isa = PBXBuildFile; fileRef = 94F40B6D0BE052BB008F8F00 /* Carbon.framework */; };
		94F40BA70BE05792008F8F00 /* IOKit.framework in Frameworks */ = {isa = PBXBuildFile; fileRef = 94F40BA60BE05792008F8F00 /* IOKit.framework */; };
		94F40BBD0BE057E7008F8F00 /* AudioUnit.framework in Frameworks */ = {isa = PBXBuildFile; fileRef = 94F40BBC0BE057E7008F8F00 /* AudioUnit.framework */; };
		94F40BC80BE05810008F8F00 /* QuickTime.framework in Frameworks */ = {isa = PBXBuildFile; fileRef = 94F40BC70BE05810008F8F00 /* QuickTime.framework */; };
		94F40BD30BE05867008F8F00 /* libvorbis.a in Frameworks */ = {isa = PBXBuildFile; fileRef = 94F40BD00BE05867008F8F00 /* libvorbis.a */; };
		94F40BD40BE05867008F8F00 /* libvorbisenc.a in Frameworks */ = {isa = PBXBuildFile; fileRef = 94F40BD10BE05867008F8F00 /* libvorbisenc.a */; };
		94F40BD50BE05867008F8F00 /* libvorbisfile.a in Frameworks */ = {isa = PBXBuildFile; fileRef = 94F40BD20BE05867008F8F00 /* libvorbisfile.a */; };
		94F40C5C0BE06B0F008F8F00 /* CoreFoundation.framework in Frameworks */ = {isa = PBXBuildFile; fileRef = 94F40C5B0BE06B0F008F8F00 /* CoreFoundation.framework */; };
		94F953280BDDED9200287A8B /* Cocoa.framework in Frameworks */ = {isa = PBXBuildFile; fileRef = 94F953270BDDED9200287A8B /* Cocoa.framework */; };
		94F954350BDDF9BE00287A8B /* OpenGL.framework in Frameworks */ = {isa = PBXBuildFile; fileRef = 94F954340BDDF9BE00287A8B /* OpenGL.framework */; };
		DDC689B509F57C69004E4BFF /* English.lproj/InfoPlist.strings in Resources */ = {isa = PBXBuildFile; fileRef = DDC689B309F57C69004E4BFF /* English.lproj/InfoPlist.strings */; };
/* End PBXBuildFile section */

/* Begin PBXBuildRule section */
		DD7C44CD0A6E5050003FA52B /* PBXBuildRule */ = {
			isa = PBXBuildRule;
			compilerSpec = com.apple.compilers.proxy.script;
			filePatterns = "*.inc";
			fileType = pattern.proxy;
			isEditable = 1;
			outputFiles = (
				"$(TARGET_TEMP_DIR)/$(INPUT_FILE_NAME).compiled",
			);
			script = "echo \\\"-Fi$INPUT_FILE_DIR\\\" >> \"$PROJECT_TEMP_DIR\"/unitpaths\ntouch \"$TARGET_TEMP_DIR\"/\"$INPUT_FILE_NAME\".compiled\n";
		};
		DD7C45710A6E7E36003FA52B /* PBXBuildRule */ = {
			isa = PBXBuildRule;
			compilerSpec = com.apple.compilers.proxy.script;
			filePatterns = "*.inc";
			fileType = pattern.proxy;
			isEditable = 1;
			outputFiles = (
			);
			script = "";
		};
		DDC688F309F57599004E4BFF /* PBXBuildRule */ = {
			isa = PBXBuildRule;
			compilerSpec = com.apple.compilers.proxy.script;
			fileType = sourcecode.pascal;
			isEditable = 1;
			outputFiles = (
				"$(TARGET_TEMP_DIR)/$(INPUT_FILE_NAME).compiled",
			);
			script = "# set -vx\n\n# if FPC_MAIN_FILE is specified, only use that one\nif test \"x$FPC_MAIN_FILE\" = x ; then\n  echo \"$INPUT_FILE_SUFFIX\" \"$INPUT_FILE_PATH\" >> \"$PROJECT_TEMP_DIR\"/files_to_compile\nelif test \"x$INPUT_FILE_NAME\" = \"x$FPC_MAIN_FILE\" || test \"x$INPUT_FILE_PATH\" = \"x$FPC_MAIN_FILE\" ; then\n  echo \"$INPUT_FILE_SUFFIX\" \"$INPUT_FILE_PATH\" > \"$PROJECT_TEMP_DIR\"/files_to_compile\n  echo \"$INPUT_FILE_SUFFIX\" \"$INPUT_FILE_PATH\" > \"$PROJECT_TEMP_DIR\"/mainfile\nfi\n\necho \\\"-Fu$INPUT_FILE_DIR\\\" >> \"$PROJECT_TEMP_DIR\"/unitpaths\necho \\\"-Fi$INPUT_FILE_DIR\\\" >> \"$PROJECT_TEMP_DIR\"/unitpaths\n\n# if this file was not yet before compiled, it may be a new file -> delete\n# source cache (there might be a new mainfile now, unless FPC_MAIN_FILE is specified)\nif test ! -f \"$TARGET_TEMP_DIR\"/\"$INPUT_FILE_NAME\".compiled && test \"x$FPC_MAIN_FILE\" = x ; then\n  cd \"$PROJECT_TEMP_DIR\"\n  rm -f mainfile scriptrun > /dev/null 2>&1\nfi\n\ntouch \"$TARGET_TEMP_DIR\"/\"$INPUT_FILE_NAME\".compiled\n";
		};
		DDC6891509F57648004E4BFF /* PBXBuildRule */ = {
			isa = PBXBuildRule;
			compilerSpec = com.apple.compilers.proxy.script;
			fileType = sourcecode.pascal;
			isEditable = 1;
			outputFiles = (
				"$(PROJECT_DERIVED_FILE_DIR)/$(INPUT_FILE_BASE).s",
			);
			script = "";
		};
/* End PBXBuildRule section */

/* Begin PBXContainerItemProxy section */
		DD37F25D0A60268D00975B2D /* PBXContainerItemProxy */ = {
			isa = PBXContainerItemProxy;
			containerPortal = DDC6850F09F5717A004E4BFF /* Project object */;
			proxyType = 1;
			remoteGlobalIDString = DD37F2420A60255800975B2D;
			remoteInfo = fpcrtl;
		};
		DDC688ED09F57578004E4BFF /* PBXContainerItemProxy */ = {
			isa = PBXContainerItemProxy;
			containerPortal = DDC6850F09F5717A004E4BFF /* Project object */;
			proxyType = 1;
			remoteGlobalIDString = DDC688D409F57523004E4BFF;
			remoteInfo = "Put unit sources in the 'Compile Sources' phase of this target";
		};
/* End PBXContainerItemProxy section */

/* Begin PBXCopyFilesBuildPhase section */
		947BE64F0BE08E4400C1848D /* Copy Fonts */ = {
			isa = PBXCopyFilesBuildPhase;
			buildActionMask = 12;
			comments = "Ensure all of your fonts from resources are included in here...";
			dstPath = fonts;
			dstSubfolderSpec = 7;
			files = (
				947BE6510BE08E7400C1848D /* arial.ttf in Copy Fonts */,
				947BE6520BE08E7400C1848D /* cour.ttf in Copy Fonts */,
			);
			name = "Copy Fonts";
			runOnlyForDeploymentPostprocessing = 0;
		};
		947BE6B80BE0928400C1848D /* Copy Images */ = {
			isa = PBXCopyFilesBuildPhase;
			buildActionMask = 2147483647;
			comments = "Place all of your images in this build phase\n";
			dstPath = images;
			dstSubfolderSpec = 7;
			files = (
			);
			name = "Copy Images";
			runOnlyForDeploymentPostprocessing = 0;
		};
		947BE6BA0BE092AB00C1848D /* Copy Sounds */ = {
			isa = PBXCopyFilesBuildPhase;
			buildActionMask = 2147483647;
			comments = "Place all of your sounds into this build phase\n";
			dstPath = sounds;
			dstSubfolderSpec = 7;
			files = (
			);
			name = "Copy Sounds";
			runOnlyForDeploymentPostprocessing = 0;
		};
/* End PBXCopyFilesBuildPhase section */

/* Begin PBXFileReference section */
		9412E8FC0BE0CB6500896057 /* GameLauncher.pas */ = {isa = PBXFileReference; fileEncoding = 30; lastKnownFileType = sourcecode.pascal; path = GameLauncher.pas; sourceTree = "<group>"; };
		9412E8FD0BE0CB6500896057 /* GameLogic.pas */ = {isa = PBXFileReference; fileEncoding = 30; lastKnownFileType = sourcecode.pascal; path = GameLogic.pas; sourceTree = "<group>"; };
		941BAE9B0BE19810007A2560 /* SwinGame.icns */ = {isa = PBXFileReference; lastKnownFileType = image.icns; name = SwinGame.icns; path = Resources/SwinGame.icns; sourceTree = "<group>"; };
		947BE6BD0BE0935100C1848D /* jedi-sdl.inc */ = {isa = PBXFileReference; fileEncoding = 30; lastKnownFileType = sourcecode.pascal; path = "jedi-sdl.inc"; sourceTree = "<group>"; };
		947BE6BE0BE0935100C1848D /* KeyCodes.pas */ = {isa = PBXFileReference; fileEncoding = 30; lastKnownFileType = sourcecode.pascal; path = KeyCodes.pas; sourceTree = "<group>"; };
		947BE6BF0BE0935100C1848D /* sdl.pas */ = {isa = PBXFileReference; fileEncoding = 30; lastKnownFileType = sourcecode.pascal; path = sdl.pas; sourceTree = "<group>"; };
		947BE6C00BE0935100C1848D /* sdl_image.pas */ = {isa = PBXFileReference; fileEncoding = 30; lastKnownFileType = sourcecode.pascal; path = sdl_image.pas; sourceTree = "<group>"; };
		947BE6C10BE0935100C1848D /* sdl_mixer.pas */ = {isa = PBXFileReference; fileEncoding = 30; lastKnownFileType = sourcecode.pascal; path = sdl_mixer.pas; sourceTree = "<group>"; };
		947BE6C20BE0935100C1848D /* sdl_ttf.pas */ = {isa = PBXFileReference; fileEncoding = 30; lastKnownFileType = sourcecode.pascal; path = sdl_ttf.pas; sourceTree = "<group>"; };
		947BE6C30BE0935100C1848D /* SDLEventProcessing.pas */ = {isa = PBXFileReference; fileEncoding = 30; lastKnownFileType = sourcecode.pascal; path = SDLEventProcessing.pas; sourceTree = "<group>"; };
		947BE6C40BE0935100C1848D /* SwinGameAPI.pas */ = {isa = PBXFileReference; fileEncoding = 30; lastKnownFileType = sourcecode.pascal; path = SwinGameAPI.pas; sourceTree = "<group>"; };
		947BE6C50BE0935100C1848D /* SwinGameDrawing.pas */ = {isa = PBXFileReference; fileEncoding = 30; lastKnownFileType = sourcecode.pascal; path = SwinGameDrawing.pas; sourceTree = "<group>"; };
		94968B810BDE287F00D76D55 /* libfpcrtl.a */ = {isa = PBXFileReference; explicitFileType = archive.ar; includeInIndex = 0; path = libfpcrtl.a; sourceTree = BUILT_PRODUCTS_DIR; };
		94F40A3B0BE03EBC008F8F00 /* arial.ttf */ = {isa = PBXFileReference; explicitFileType = file; name = arial.ttf; path = Resources/fonts/arial.ttf; sourceTree = SOURCE_ROOT; };
		94F40A3C0BE03EBC008F8F00 /* cour.ttf */ = {isa = PBXFileReference; lastKnownFileType = file; path = cour.ttf; sourceTree = "<group>"; };
		94F40B160BE04EA9008F8F00 /* libjpeg.a */ = {isa = PBXFileReference; lastKnownFileType = archive.ar; name = libjpeg.a; path = lib/MacSDL/libjpeg.a; sourceTree = "<group>"; };
		94F40B190BE04EA9008F8F00 /* libogg.a */ = {isa = PBXFileReference; lastKnownFileType = archive.ar; name = libogg.a; path = lib/MacSDL/libogg.a; sourceTree = "<group>"; };
		94F40B1B0BE04EA9008F8F00 /* libpng12.a */ = {isa = PBXFileReference; lastKnownFileType = archive.ar; name = libpng12.a; path = lib/MacSDL/libpng12.a; sourceTree = "<group>"; };
		94F40B1C0BE04EA9008F8F00 /* libSDL_image.a */ = {isa = PBXFileReference; lastKnownFileType = archive.ar; name = libSDL_image.a; path = lib/MacSDL/libSDL_image.a; sourceTree = "<group>"; };
		94F40B1D0BE04EA9008F8F00 /* libSDL_mixer.a */ = {isa = PBXFileReference; lastKnownFileType = archive.ar; name = libSDL_mixer.a; path = lib/MacSDL/libSDL_mixer.a; sourceTree = "<group>"; };
		94F40B1F0BE04EA9008F8F00 /* libSDL_ttf.a */ = {isa = PBXFileReference; lastKnownFileType = archive.ar; name = libSDL_ttf.a; path = lib/MacSDL/libSDL_ttf.a; sourceTree = "<group>"; };
		94F40B200BE04EA9008F8F00 /* libSDL.a */ = {isa = PBXFileReference; lastKnownFileType = archive.ar; name = libSDL.a; path = lib/MacSDL/libSDL.a; sourceTree = "<group>"; };
		94F40B210BE04EA9008F8F00 /* libSDLmain.a */ = {isa = PBXFileReference; lastKnownFileType = archive.ar; name = libSDLmain.a; path = lib/MacSDL/libSDLmain.a; sourceTree = "<group>"; };
		94F40B220BE04EA9008F8F00 /* libsmpeg.a */ = {isa = PBXFileReference; lastKnownFileType = archive.ar; name = libsmpeg.a; path = lib/MacSDL/libsmpeg.a; sourceTree = "<group>"; };
		94F40B230BE04EA9008F8F00 /* libtiff.a */ = {isa = PBXFileReference; lastKnownFileType = archive.ar; name = libtiff.a; path = lib/MacSDL/libtiff.a; sourceTree = "<group>"; };
		94F40B630BE050CF008F8F00 /* libfreetype.a */ = {isa = PBXFileReference; lastKnownFileType = archive.ar; name = libfreetype.a; path = lib/MacSDL/libfreetype.a; sourceTree = "<group>"; };
		94F40B6D0BE052BB008F8F00 /* Carbon.framework */ = {isa = PBXFileReference; lastKnownFileType = wrapper.framework; name = Carbon.framework; path = /System/Library/Frameworks/Carbon.framework; sourceTree = "<absolute>"; };
		94F40BA60BE05792008F8F00 /* IOKit.framework */ = {isa = PBXFileReference; lastKnownFileType = wrapper.framework; name = IOKit.framework; path = /System/Library/Frameworks/IOKit.framework; sourceTree = "<absolute>"; };
		94F40BBC0BE057E7008F8F00 /* AudioUnit.framework */ = {isa = PBXFileReference; lastKnownFileType = wrapper.framework; name = AudioUnit.framework; path = /System/Library/Frameworks/AudioUnit.framework; sourceTree = "<absolute>"; };
		94F40BC70BE05810008F8F00 /* QuickTime.framework */ = {isa = PBXFileReference; lastKnownFileType = wrapper.framework; name = QuickTime.framework; path = /System/Library/Frameworks/QuickTime.framework; sourceTree = "<absolute>"; };
		94F40BD00BE05867008F8F00 /* libvorbis.a */ = {isa = PBXFileReference; lastKnownFileType = archive.ar; name = libvorbis.a; path = lib/MacSDL/libvorbis.a; sourceTree = "<group>"; };
		94F40BD10BE05867008F8F00 /* libvorbisenc.a */ = {isa = PBXFileReference; lastKnownFileType = archive.ar; name = libvorbisenc.a; path = lib/MacSDL/libvorbisenc.a; sourceTree = "<group>"; };
		94F40BD20BE05867008F8F00 /* libvorbisfile.a */ = {isa = PBXFileReference; lastKnownFileType = archive.ar; name = libvorbisfile.a; path = lib/MacSDL/libvorbisfile.a; sourceTree = "<group>"; };
		94F40C5B0BE06B0F008F8F00 /* CoreFoundation.framework */ = {isa = PBXFileReference; lastKnownFileType = wrapper.framework; name = CoreFoundation.framework; path = /System/Library/Frameworks/CoreFoundation.framework; sourceTree = "<absolute>"; };
		94F953270BDDED9200287A8B /* Cocoa.framework */ = {isa = PBXFileReference; lastKnownFileType = wrapper.framework; name = Cocoa.framework; path = /System/Library/Frameworks/Cocoa.framework; sourceTree = "<absolute>"; };
		94F954340BDDF9BE00287A8B /* OpenGL.framework */ = {isa = PBXFileReference; lastKnownFileType = wrapper.framework; name = OpenGL.framework; path = /System/Library/Frameworks/OpenGL.framework; sourceTree = "<absolute>"; };
		DDC6868B09F571C2004E4BFF /* Info.plist */ = {isa = PBXFileReference; fileEncoding = 12; lastKnownFileType = text.xml; path = Info.plist; sourceTree = "<group>"; };
		DDC688C809F574E9004E4BFF /* MyGame.app */ = {isa = PBXFileReference; explicitFileType = wrapper.application; includeInIndex = 0; path = MyGame.app; sourceTree = BUILT_PRODUCTS_DIR; };
		DDC688CA09F574E9004E4BFF /* Info.plist */ = {isa = PBXFileReference; lastKnownFileType = text.xml; path = Info.plist; sourceTree = "<group>"; };
		DDC689B309F57C69004E4BFF /* English.lproj/InfoPlist.strings */ = {isa = PBXFileReference; fileEncoding = 10; lastKnownFileType = text.plist.strings; path = English.lproj/InfoPlist.strings; sourceTree = "<group>"; };
/* End PBXFileReference section */

/* Begin PBXFrameworksBuildPhase section */
		DDC688C609F574E9004E4BFF /* Frameworks */ = {
			isa = PBXFrameworksBuildPhase;
			buildActionMask = 2147483647;
			files = (
				94F40A360BE03E62008F8F00 /* libfpcrtl.a in Frameworks */,
				94F953280BDDED9200287A8B /* Cocoa.framework in Frameworks */,
				94F954350BDDF9BE00287A8B /* OpenGL.framework in Frameworks */,
				94F40B2D0BE04EA9008F8F00 /* libjpeg.a in Frameworks */,
				94F40B300BE04EA9008F8F00 /* libogg.a in Frameworks */,
				94F40B320BE04EA9008F8F00 /* libpng12.a in Frameworks */,
				94F40B330BE04EA9008F8F00 /* libSDL_image.a in Frameworks */,
				94F40B340BE04EA9008F8F00 /* libSDL_mixer.a in Frameworks */,
				94F40B360BE04EA9008F8F00 /* libSDL_ttf.a in Frameworks */,
				94F40B370BE04EA9008F8F00 /* libSDL.a in Frameworks */,
				94F40B380BE04EA9008F8F00 /* libSDLmain.a in Frameworks */,
				94F40B390BE04EA9008F8F00 /* libsmpeg.a in Frameworks */,
				94F40B3A0BE04EA9008F8F00 /* libtiff.a in Frameworks */,
				94F40B640BE050CF008F8F00 /* libfreetype.a in Frameworks */,
				94F40B6E0BE052BB008F8F00 /* Carbon.framework in Frameworks */,
				94F40BA70BE05792008F8F00 /* IOKit.framework in Frameworks */,
				94F40BBD0BE057E7008F8F00 /* AudioUnit.framework in Frameworks */,
				94F40BC80BE05810008F8F00 /* QuickTime.framework in Frameworks */,
				94F40BD30BE05867008F8F00 /* libvorbis.a in Frameworks */,
				94F40BD40BE05867008F8F00 /* libvorbisenc.a in Frameworks */,
				94F40BD50BE05867008F8F00 /* libvorbisfile.a in Frameworks */,
				94F40C5C0BE06B0F008F8F00 /* CoreFoundation.framework in Frameworks */,
			);
			runOnlyForDeploymentPostprocessing = 0;
		};
/* End PBXFrameworksBuildPhase section */

/* Begin PBXGroup section */
		947BE66D0BE08ECD00C1848D /* images */ = {
			isa = PBXGroup;
			children = (
			);
			name = images;
			sourceTree = "<group>";
		};
		947BE66E0BE08ED700C1848D /* sounds */ = {
			isa = PBXGroup;
			children = (
			);
			name = sounds;
			sourceTree = "<group>";
		};
		947BE6BC0BE0935100C1848D /* Pas */ = {
			isa = PBXGroup;
			children = (
				947BE6BD0BE0935100C1848D /* jedi-sdl.inc */,
				947BE6BE0BE0935100C1848D /* KeyCodes.pas */,
				947BE6BF0BE0935100C1848D /* sdl.pas */,
				947BE6C00BE0935100C1848D /* sdl_image.pas */,
				947BE6C10BE0935100C1848D /* sdl_mixer.pas */,
				947BE6C20BE0935100C1848D /* sdl_ttf.pas */,
				947BE6C30BE0935100C1848D /* SDLEventProcessing.pas */,
				947BE6C40BE0935100C1848D /* SwinGameAPI.pas */,
				947BE6C50BE0935100C1848D /* SwinGameDrawing.pas */,
			);
			name = Pas;
			path = lib/Pas;
			sourceTree = "<group>";
		};
		94F40A3A0BE03EBC008F8F00 /* fonts */ = {
			isa = PBXGroup;
			children = (
				94F40A3B0BE03EBC008F8F00 /* arial.ttf */,
				94F40A3C0BE03EBC008F8F00 /* cour.ttf */,
			);
			name = fonts;
			path = Resources/fonts;
			sourceTree = "<group>";
		};
		94F40BAF0BE057A7008F8F00 /* Frameworks */ = {
			isa = PBXGroup;
			children = (
				94F40C5B0BE06B0F008F8F00 /* CoreFoundation.framework */,
				94F40BC70BE05810008F8F00 /* QuickTime.framework */,
				94F40BBC0BE057E7008F8F00 /* AudioUnit.framework */,
				94F953270BDDED9200287A8B /* Cocoa.framework */,
				94F954340BDDF9BE00287A8B /* OpenGL.framework */,
				94F40B6D0BE052BB008F8F00 /* Carbon.framework */,
				94F40BA60BE05792008F8F00 /* IOKit.framework */,
			);
			name = Frameworks;
			sourceTree = "<group>";
		};
		94F40BD70BE05872008F8F00 /* SDL */ = {
			isa = PBXGroup;
			children = (
				94F40B220BE04EA9008F8F00 /* libsmpeg.a */,
				94F40B230BE04EA9008F8F00 /* libtiff.a */,
				94F40B1B0BE04EA9008F8F00 /* libpng12.a */,
				94F40B1C0BE04EA9008F8F00 /* libSDL_image.a */,
				94F40B1D0BE04EA9008F8F00 /* libSDL_mixer.a */,
				94F40B1F0BE04EA9008F8F00 /* libSDL_ttf.a */,
				94F40B200BE04EA9008F8F00 /* libSDL.a */,
				94F40B210BE04EA9008F8F00 /* libSDLmain.a */,
				94F40B190BE04EA9008F8F00 /* libogg.a */,
				94F40B630BE050CF008F8F00 /* libfreetype.a */,
				94F40B160BE04EA9008F8F00 /* libjpeg.a */,
				94F40BD00BE05867008F8F00 /* libvorbis.a */,
				94F40BD10BE05867008F8F00 /* libvorbisenc.a */,
				94F40BD20BE05867008F8F00 /* libvorbisfile.a */,
			);
			name = SDL;
			sourceTree = "<group>";
		};
		94F952BA0BDDEAC000287A8B /* Libraries */ = {
			isa = PBXGroup;
			children = (
				947BE6BC0BE0935100C1848D /* Pas */,
				94968B810BDE287F00D76D55 /* libfpcrtl.a */,
				94F40BD70BE05872008F8F00 /* SDL */,
				94F40BAF0BE057A7008F8F00 /* Frameworks */,
			);
			name = Libraries;
			sourceTree = "<group>";
		};
		DD7C45450A6E72DE003FA52B /* Source */ = {
			isa = PBXGroup;
			children = (
				9412E8FD0BE0CB6500896057 /* GameLogic.pas */,
				9412E8FC0BE0CB6500896057 /* GameLauncher.pas */,
			);
			name = Source;
			sourceTree = "<group>";
		};
		DDC6850D09F5717A004E4BFF = {
			isa = PBXGroup;
			children = (
				94F952BA0BDDEAC000287A8B /* Libraries */,
				DD7C45450A6E72DE003FA52B /* Source */,
				DDC6868A09F571C2004E4BFF /* Resources */,
				DDC6888C09F57243004E4BFF /* Products */,
				DDC688CA09F574E9004E4BFF /* Info.plist */,
			);
			comments = "(note: \"Main target\" is used below to indicate the target with the same name as your project)\n\nSee the comments for the \"Main target\" under \"Targets\" for detailed information on how this project operates.\n\nIn short:\n\na) add your sources to the  target called 'Put all program sources also in this target'\nb) add your sources *EXCEPT FOR INCLUDE FILES* to the Main Target\nd) add all frameworks, resources, libraries etc to the Main target\n\nIf there are errors, the \"Errors and Warnings\" smart group will probably not work properly (e.g. errors may disappear after you double click on them). To work around this Xcode bug, go to the Build Transcript by double clicking on the icon of the \"Errors and Warnings\" smart group. There you can (double) click on the errors to go to the right position in the right source file.\n\nNote that the assembly view of Xcode does not work before Xcode 2.3. And in Xcode 2.3, you will not be able to step over PowerPC Pascal function calls (this should be fixed in the next Xcode release though).";
			sourceTree = "<group>";
		};
		DDC6868A09F571C2004E4BFF /* Resources */ = {
			isa = PBXGroup;
			children = (
				941BAE9B0BE19810007A2560 /* SwinGame.icns */,
				947BE66E0BE08ED700C1848D /* sounds */,
				947BE66D0BE08ECD00C1848D /* images */,
				94F40A3A0BE03EBC008F8F00 /* fonts */,
				DDC689B309F57C69004E4BFF /* English.lproj/InfoPlist.strings */,
				DDC6868B09F571C2004E4BFF /* Info.plist */,
			);
			name = Resources;
			sourceTree = "<group>";
		};
		DDC6888C09F57243004E4BFF /* Products */ = {
			isa = PBXGroup;
			children = (
				DDC688C809F574E9004E4BFF /* MyGame.app */,
			);
			name = Products;
			sourceTree = "<group>";
		};
/* End PBXGroup section */

/* Begin PBXNativeTarget section */
		DD37F2420A60255800975B2D /* fpcrtl */ = {
			isa = PBXNativeTarget;
			buildConfigurationList = DD37F2560A60258300975B2D /* Build configuration list for PBXNativeTarget "fpcrtl" */;
			buildPhases = (
				DD37F2460A60257100975B2D /* ShellScript */,
			);
			buildRules = (
			);
			dependencies = (
			);
			name = fpcrtl;
			productName = fpcrtl;
			productReference = 94968B810BDE287F00D76D55 /* libfpcrtl.a */;
			productType = "com.apple.product-type.library.static";
		};
		DDC688C709F574E9004E4BFF /* MyGame */ = {
			isa = PBXNativeTarget;
			buildConfigurationList = DDC688CB09F574E9004E4BFF /* Build configuration list for PBXNativeTarget "MyGame" */;
			buildPhases = (
				DDC688C409F574E9004E4BFF /* Resources */,
				DDC6891B09F576D9004E4BFF /* ShellScript */,
				DDC688C509F574E9004E4BFF /* Sources */,
				DDC688C609F574E9004E4BFF /* Frameworks */,
				DDC6890909F5761D004E4BFF /* Rez */,
				947BE64F0BE08E4400C1848D /* Copy Fonts */,
				947BE6B80BE0928400C1848D /* Copy Images */,
				947BE6BA0BE092AB00C1848D /* Copy Sounds */,
			);
			buildRules = (
				DD7C45710A6E7E36003FA52B /* PBXBuildRule */,
				DDC6891509F57648004E4BFF /* PBXBuildRule */,
			);
			comments = "This is the main target that does the actual compilation work. Because of several Xcode bugs and holes in its support for third party compilers, the structure is quite convoluted. There are three targets, but you only have to care about the first two:\n\na) This target (make sure this target is set as the \"Active Target\"!)\n\nThis target does the assembling and linking. It is dependent on the three other targets, so the scripts for those targets are run first. Next, it runs a script which compiles the main program and units (using the previously gathered information) and generate the assembler code. Then its \"Compile Sources\" phase will assemble the code, because if we directly generate the object files then Xcode will not perform any linking.\n\nb) The target called 'Put all program sources also in this target'\n\nAs the name says, you should add your sources to that target. The \"compilation rule\" for the Pascal files in that target will add those source files to a list of files to be compiled.\n\nc) The target called 'fpcrtl'\n\nThis target creates a static library of the FPC run time library. You should not have to change this target (you cannot add sources to it either)\n\n\nThe standard Xcode process is used to link in any necessary frameworks, libraries and resources. Therefore these frameworks, libraries and resources can be added to the project and this (the main) target like in any other Xcode project.\n";
			dependencies = (
				DDC688EE09F57578004E4BFF /* PBXTargetDependency */,
				DD37F25E0A60268D00975B2D /* PBXTargetDependency */,
			);
			name = MyGame;
			productName = MyGame1;
			productReference = DDC688C809F574E9004E4BFF /* MyGame.app */;
			productType = "com.apple.product-type.application";
		};
		DDC688D409F57523004E4BFF /* Put all program sources also in this target */ = {
			isa = PBXNativeTarget;
			buildConfigurationList = DDC688DC09F57542004E4BFF /* Build configuration list for PBXNativeTarget "Put all program sources also in this target" */;
			buildPhases = (
				DD37F2350A60250900975B2D /* ShellScript */,
				DDC688D209F57523004E4BFF /* Sources */,
			);
			buildRules = (
				DD7C44CD0A6E5050003FA52B /* PBXBuildRule */,
				DDC688F309F57599004E4BFF /* PBXBuildRule */,
			);
			comments = "See the comments for the target called the same as your project for details.";
			dependencies = (
			);
			name = "Put all program sources also in this target";
			productName = "Put unit sources in the 'Compile Sources' phase of this target";
			productType = "com.apple.product-type.objfile";
		};
/* End PBXNativeTarget section */

/* Begin PBXProject section */
		DDC6850F09F5717A004E4BFF /* Project object */ = {
			isa = PBXProject;
			buildConfigurationList = DDC6851009F5717A004E4BFF /* Build configuration list for PBXProject "MyGame1" */;
			hasScannedForEncodings = 0;
			mainGroup = DDC6850D09F5717A004E4BFF;
			productRefGroup = DDC6888C09F57243004E4BFF /* Products */;
			projectDirPath = "";
			targets = (
				DDC688C709F574E9004E4BFF /* MyGame */,
				DDC688D409F57523004E4BFF /* Put all program sources also in this target */,
				DD37F2420A60255800975B2D /* fpcrtl */,
			);
		};
/* End PBXProject section */

/* Begin PBXResourcesBuildPhase section */
		DDC688C409F574E9004E4BFF /* Resources */ = {
			isa = PBXResourcesBuildPhase;
			buildActionMask = 2147483647;
			files = (
				DDC689B509F57C69004E4BFF /* English.lproj/InfoPlist.strings in Resources */,
				941BAE9C0BE19810007A2560 /* SwinGame.icns in Resources */,
			);
			runOnlyForDeploymentPostprocessing = 0;
		};
/* End PBXResourcesBuildPhase section */

/* Begin PBXRezBuildPhase section */
		DDC6890909F5761D004E4BFF /* Rez */ = {
			isa = PBXRezBuildPhase;
			buildActionMask = 2147483647;
			files = (
			);
			runOnlyForDeploymentPostprocessing = 0;
		};
/* End PBXRezBuildPhase section */

/* Begin PBXShellScriptBuildPhase section */
		DD37F2350A60250900975B2D /* ShellScript */ = {
			isa = PBXShellScriptBuildPhase;
			buildActionMask = 2147483647;
			files = (
			);
			inputPaths = (
			);
			outputPaths = (
				"$(PROJECT_TEMP_DIR)/cleanscriptrun",
			);
			runOnlyForDeploymentPostprocessing = 0;
			shellPath = /bin/sh;
			shellScript = "# hack to workaround Xcode bug that $PROJECT_TEMP_DIR isn't cleaned when you clean,\n# and that scripts aren't run when you clean a project\n\nmkdir -p \"$PROJECT_TEMP_DIR\"\n\n# when the \"scripts not run when cleaning\" bug is fixed, this doesn't have be run\n# when cleaning\n\nif [ x\"$ACTION\" = \"xbuild\" ]; then\n  # remove unit path and source file cache\n  cd \"$PROJECT_TEMP_DIR\"\n  rm -f mainfile scriptrun unitpaths files_to_compile  > /dev/null 2>&1\nfi\n\n# simple so that the script isn't run every time you compile\ntouch \"$PROJECT_TEMP_DIR\"/cleanscriptrun";
		};
		DD37F2460A60257100975B2D /* ShellScript */ = {
			isa = PBXShellScriptBuildPhase;
			buildActionMask = 2147483647;
			files = (
			);
			inputPaths = (
			);
			outputPaths = (
				"$(TARGET_BUILD_DIR)/libfpcrtl.a",
			);
			runOnlyForDeploymentPostprocessing = 0;
			shellPath = /bin/sh;
			shellScript = "# if you activate this to see what the script does, Xcode will take a *VERY LONG* time to process the output of the \"ar\" command line\n# set -vx\n\n\n# put the entire RTL in one static library so we can link it easily (without automatically linking all object files)\n\nif [ x\"$ACTION\" = \"xbuild\" ]; then\n  \n  rm -f \"$PROJECT_TEMP_DIR\"/rtllibs\n  for arch in $ARCHS\n  do\n    # get the correct compiler name\n    case $arch in\n      i386)\n        FPC_ARCH=386\n        RTL_ARCH=i386\n     ;;\n      ppc)\n        FPC_ARCH=ppc\n        RTL_ARCH=powerpc\n     ;;\n      * )\n       echo warning: Unsupported target architecture ${arch}, skipping...\n       continue\n     ;;\n    esac\n\n    FPC_VERSION=`/usr/local/bin/ppc${FPC_ARCH} -iV`\n    if [ $? != 0 ]; then\n      echo \"error: Cannot find the FPC binary for $RTL_ARCH (/usr/local/bin/ppc${FPC_ARCH}). Check if you have installed FPC for this architecture.\"\n      exit 1\n    fi\n    MY_OUTPUT_FILE=\"$PROJECT_TEMP_DIR\"/libfpcrtl-${FPC_ARCH}.a\n    ar -ru \"$MY_OUTPUT_FILE\" `ls \"$FPC_RTL_UNITS_BASE\"/\"$FPC_VERSION\"/units/${RTL_ARCH}-darwin/*/*.o | grep -v 'darwin/fv/'`\n    if [ $? != 0 ]; then\n      echo \"error: Problem creating static library for FPC Run Time Library. Check the FPC_RTL_UNITS_BASE setting in the global project configuration.\"\n      exit 1\n    fi\n    echo -n  \" \"\\\"\"$MY_OUTPUT_FILE\"\\\" >> \"$PROJECT_TEMP_DIR\"/rtllibs\n  done\n  /bin/sh -c \"lipo -create `cat \\\"$PROJECT_TEMP_DIR\\\"/rtllibs` -output \\\"$TARGET_BUILD_DIR\\\"/libfpcrtl.a\"\n  ranlib \"$TARGET_BUILD_DIR\"/libfpcrtl.a > /dev/null 2>&1\n  # delete working files\n  rm -f `cat \"$PROJECT_TEMP_DIR\"/rtllibs`\n  rm -f \"$PROJECT_TEMP_DIR\"/rtllibs\nfi\n";
		};
		DDC6891B09F576D9004E4BFF /* ShellScript */ = {
			isa = PBXShellScriptBuildPhase;
			buildActionMask = 2147483647;
			files = (
			);
			inputPaths = (
				"$(PROJECT_TEMP_DIR)/files_to_compile",
			);
			outputPaths = (
				"$(PROJECT_TEMP_DIR)/scriptrun",
			);
			runOnlyForDeploymentPostprocessing = 0;
			shellPath = /bin/sh;
			shellScript = "# set -vx\n\nif [ x\"$ACTION\" = \"xclean\" ]; then\n  exit 0\nfi\n\nfunction make_conditional() {\n  for arch in $ARCHS\n  do\n    for file in \"$PROJECT_DERIVED_FILE_DIR\"/\"$arch\"/*.s\n    do\n      DEST_FILE=\"$PROJECT_DERIVED_FILE_DIR\"/`basename \"$file\"`\n      echo \"#ifdef __${arch}__\" >> /\"$DEST_FILE\"\n      cat \"$file\" >> \"$DEST_FILE\"\n      echo \"#endif\" >> \"$DEST_FILE\"\n    done\n  done\n}\n\n\nUNIT_PATHS_FILE=\"$PROJECT_TEMP_DIR\"/unitpaths\n\n# remove duplicate unit search paths\nif test -f \"$UNIT_PATHS_FILE\"; then\n  sort -u < \"$UNIT_PATHS_FILE\" > \"$UNIT_PATHS_FILE\".tmp\n  mv \"$UNIT_PATHS_FILE\".tmp \"$UNIT_PATHS_FILE\"\nelse\n  touch \"$UNIT_PATHS_FILE\"\nfi\n\n# Make sure there are some files to compile\nif test !  -f \"$PROJECT_TEMP_DIR\"/files_to_compile; then\n  echo error: Add your main program and its units to the \\\"Put all program sources also in this target\\\" target\n  exit 1\nfi\n\n\n# support for previous Xcode naming scheme\nif [ \"$BUILD_STYLE\" = Development ]\nthen\n  BUILD_STYLE=Debug\nfi\n\nif [ \"$BUILD_STYLE\" = Deployment ]\nthen\n  BUILD_STYLE=Release\nfi\n\n# keep track of whether we compiled the main program so that once we did, we can stop\nMAIN_PROGRAM_COMPILED=0\n\n# don't skip the first file, since it may be the main program.\nFIRST_FILE=1\n\nFILES_TO_SKIP=\n\nrm \"$PROJECT_DERIVED_FILE_DIR\"/*.s >/dev/null 2>&1\n\n\nwhile read INPUT_FILE_SUFFIX INPUT_FILE_PATH\ndo\n  # skip include files (crude, may miss some)\n  if ! egrep -qi 'end\\.' \"$INPUT_FILE_PATH\" >/dev/null 2>&1; then\n    FIRST_FILE=0\n    echo warning: Skipping compilation of \\\"$INPUT_FILE_PATH\\\", seems to be an include file or not a Pascal file\n    FILES_TO_SKIP=`echo -e \"$INPUT_FILE_PATH\"'\\n'\"$FILES_TO_SKIP\"`\n    continue\n  fi\n\n  for variant in $BUILD_VARIANTS\n  do\n    for arch in $ARCHS\n    do\n      # get the name of the objects file dir\n####\n      #FULL_OBJECT_FILES_DIR=\"$OBJECT_FILE_DIR\"-\"$variant\"/\"$arch\"\n      FULL_OBJECT_FILES_DIR=\"$PROJECT_DERIVED_FILE_DIR\"/\"$arch\"\n####\n\n      # create the necessary directories (not done by Xcode because we only specify a fake output file)\n      mkdir -p \"$PROJECT_TEMP_DIR\" \"$FULL_OBJECT_FILES_DIR\"\n  \n      # if the file was already compiled (because an earlier compiled unit depended on it), skip it\n      if test \"$FULL_OBJECT_FILES_DIR\"/`basename \"$INPUT_FILE_PATH\" $INPUT_FILE_SUFFIX`.o -nt \"$INPUT_FILE_PATH\" -a $FIRST_FILE -ne 1 ; then\n        continue 3\n      fi\n      \n      # get the correct compiler name\n      if [ \"$arch\" = \"i386\" ]\n      then\n        FPCARCH=386\n        RTLARCH=i386\n      else\n        FPCARCH=ppc\n        RTLARCH=powerpc\n      fi\n\n      # check if the compiler exists\n      if ! test -f /usr/local/bin/ppc${FPCARCH}\n      then\n        echo \"error: FPC for $arch is not installed on this machine. You can probably solve this problem by setting the architectures to build for to your native target only and rebuilding.\"\n        exit 2\n      fi\n  \n      # go into the object files dir so we can use short paths\n      cd \"$FULL_OBJECT_FILES_DIR\"\n  \n      # actually compile (but do not assemble nor link)\n      echo -n /usr/local/bin/ppc${FPCARCH} \\\"$INPUT_FILE_PATH\\\" $FPC_SPECIFIC_OPTIONS $FPC_COMMON_OPTIONS -Tdarwin -a -s -FE. -vbr $FPC_OVERRIDE_OPTIONS > docompile.sh\n\n      # add unit paths\n      while read unitsearchpath\n      do\n        echo -n \" \" $unitsearchpath >> docompile.sh\n      done < \"$UNIT_PATHS_FILE\"\n      \n      echo ' > \"$PROJECT_TEMP_DIR\"/compiler_output 2>&1' >> docompile.sh\n      echo 'compres=$?' >> docompile.sh\n      echo 'sed -e \"s/\\([^:]*\\):\\([^:]*\\):\\([^:]*\\):\\([^:]*\\):\\(.*\\)/\\1:\\2:\\3:column \\4 -\\5/\" < \"$PROJECT_TEMP_DIR\"/compiler_output' >> docompile.sh\n      echo 'exit $compres' >> docompile.sh\n      /bin/sh ./docompile.sh\n  \n      # Compilation successful?\n      if [ $? == 0 ]; then\n  \n        # if it was a unit, continue with the next file (no need to compile all its variants and archs, that\n        # will be done when compiling the main program)\n        if test ! -f ./link.res; then\n          continue 3\n        fi\n        \n        echo Main file found!\n\n        # this is the main program -> next time only compile this file\n        # (if units are modified, they will be added after this file, but that doesn't matter\n        echo \"$INPUT_FILE_SUFFIX\" \"$INPUT_FILE_PATH\" > \"$PROJECT_TEMP_DIR\"/files_to_compile\n        \n        # record that the main program was compiled, so we don't have to compile any more units\n        MAIN_PROGRAM_COMPILED=1\n        \n        # delete leftovers\n        rm -f ppas.sh link.res\n  \n        # log the name of the input file so it can be touched if necessary for recompilation\n        echo -n \"$INPUT_FILE_PATH\" > \"$PROJECT_TEMP_DIR\"/mainfile\n  \n      else\n        exit 2\n      fi\n    done\n  done\n\n  # if the main program was compiled, we can stop\n  if test $MAIN_PROGRAM_COMPILED -ne 0; then\n    make_conditional\n    touch \"$PROJECT_TEMP_DIR\"/scriptrun\n    exit 0\n  fi\n  FIRST_FILE=0\n\ndone < \"$PROJECT_TEMP_DIR\"/files_to_compile\n\necho \"warning: It seems your project only contains units and no main program\"\ngrep  -Fv \"$FILES_TO_SKIP\" < \"$PROJECT_TEMP_DIR\"/files_to_compile > \"$PROJECT_TEMP_DIR\"/files_to_compile.tmp\nsort -u < \"$PROJECT_TEMP_DIR\"/files_to_compile.tmp > \"$PROJECT_TEMP_DIR\"/files_to_compile\n";
		};
/* End PBXShellScriptBuildPhase section */

/* Begin PBXSourcesBuildPhase section */
		DDC688C509F574E9004E4BFF /* Sources */ = {
			isa = PBXSourcesBuildPhase;
			buildActionMask = 2147483647;
			files = (
				947BE6C70BE0935100C1848D /* KeyCodes.pas in Sources */,
				947BE6C80BE0935100C1848D /* sdl.pas in Sources */,
				947BE6C90BE0935100C1848D /* sdl_image.pas in Sources */,
				947BE6CA0BE0935100C1848D /* sdl_mixer.pas in Sources */,
				947BE6CB0BE0935100C1848D /* sdl_ttf.pas in Sources */,
				947BE6CC0BE0935100C1848D /* SDLEventProcessing.pas in Sources */,
				947BE6CD0BE0935100C1848D /* SwinGameAPI.pas in Sources */,
				947BE6CE0BE0935100C1848D /* SwinGameDrawing.pas in Sources */,
				9412E8FE0BE0CB6500896057 /* GameLauncher.pas in Sources */,
				9412E8FF0BE0CB6500896057 /* GameLogic.pas in Sources */,
			);
			runOnlyForDeploymentPostprocessing = 0;
		};
		DDC688D209F57523004E4BFF /* Sources */ = {
			isa = PBXSourcesBuildPhase;
			buildActionMask = 2147483647;
			files = (
				947BE6D60BE093FB00C1848D /* sdl_mixer.pas in Sources */,
				947BE6D70BE093FC00C1848D /* SwinGameAPI.pas in Sources */,
				947BE6D80BE093FD00C1848D /* sdl_image.pas in Sources */,
				947BE6D90BE093FE00C1848D /* sdl.pas in Sources */,
				947BE6DA0BE093FF00C1848D /* SwinGameDrawing.pas in Sources */,
				947BE6DB0BE0940000C1848D /* sdl_ttf.pas in Sources */,
				947BE6DC0BE0940100C1848D /* SDLEventProcessing.pas in Sources */,
				947BE6DD0BE0940100C1848D /* KeyCodes.pas in Sources */,
				9412E9000BE0CB6C00896057 /* GameLogic.pas in Sources */,
				9412E9010BE0CB6C00896057 /* GameLauncher.pas in Sources */,
			);
			runOnlyForDeploymentPostprocessing = 0;
		};
/* End PBXSourcesBuildPhase section */

/* Begin PBXTargetDependency section */
		DD37F25E0A60268D00975B2D /* PBXTargetDependency */ = {
			isa = PBXTargetDependency;
			target = DD37F2420A60255800975B2D /* fpcrtl */;
			targetProxy = DD37F25D0A60268D00975B2D /* PBXContainerItemProxy */;
		};
		DDC688EE09F57578004E4BFF /* PBXTargetDependency */ = {
			isa = PBXTargetDependency;
			target = DDC688D409F57523004E4BFF /* Put all program sources also in this target */;
			targetProxy = DDC688ED09F57578004E4BFF /* PBXContainerItemProxy */;
		};
/* End PBXTargetDependency section */

/* Begin XCBuildConfiguration section */
		DD37F2570A60258300975B2D /* Debug */ = {
			isa = XCBuildConfiguration;
			buildSettings = {
				COPY_PHASE_STRIP = NO;
				GCC_DYNAMIC_NO_PIC = NO;
				GCC_ENABLE_FIX_AND_CONTINUE = YES;
				GCC_GENERATE_DEBUGGING_SYMBOLS = YES;
				GCC_MODEL_TUNING = G5;
				GCC_OPTIMIZATION_LEVEL = 0;
				INSTALL_PATH = /usr/local/lib;
				PREBINDING = NO;
				PRODUCT_NAME = fpcrtl;
				SYMROOT = bin;
				ZERO_LINK = YES;
			};
			name = Debug;
		};
		DD37F2580A60258300975B2D /* Release */ = {
			isa = XCBuildConfiguration;
			buildSettings = {
				COPY_PHASE_STRIP = YES;
				GCC_ENABLE_FIX_AND_CONTINUE = NO;
				GCC_GENERATE_DEBUGGING_SYMBOLS = NO;
				GCC_MODEL_TUNING = G5;
				INSTALL_PATH = /usr/local/lib;
				PREBINDING = NO;
				PRODUCT_NAME = fpcrtl;
				SYMROOT = bin;
				ZERO_LINK = NO;
			};
			name = Release;
		};
		DDC6851109F5717A004E4BFF /* Debug */ = {
			isa = XCBuildConfiguration;
			buildSettings = {
				COPY_PHASE_STRIP = NO;
				FPC_COMMON_OPTIONS = "-Sgi -Mmacpas";
				FPC_MAIN_FILE = "";
				FPC_OVERRIDE_OPTIONS = "";
				FPC_RTL_UNITS_BASE = /usr/local/lib/fpc/;
				FPC_SPECIFIC_OPTIONS = "-Ci -Cr -Co -gl -O-";
			};
			name = Debug;
		};
		DDC6851209F5717A004E4BFF /* Release */ = {
			isa = XCBuildConfiguration;
			buildSettings = {
				COPY_PHASE_STRIP = YES;
				FPC_COMMON_OPTIONS = "-Sgi -Mdelphi";
				FPC_MAIN_FILE = "";
				FPC_OVERRIDE_OPTIONS = "";
				FPC_RTL_UNITS_BASE = /usr/local/lib/fpc/;
				FPC_SPECIFIC_OPTIONS = "-Ci- -Cr- -Co- -O3 -Xs ";
			};
			name = Release;
		};
		DDC688CC09F574E9004E4BFF /* Debug */ = {
			isa = XCBuildConfiguration;
			buildSettings = {
				COPY_PHASE_STRIP = NO;
				FPC_COMMON_OPTIONS = "-Mdelphi -XMSDL_main";
				FPC_MAIN_FILE = MyGame.pas;
				GCC_DYNAMIC_NO_PIC = NO;
				GCC_ENABLE_FIX_AND_CONTINUE = YES;
				GCC_GENERATE_DEBUGGING_SYMBOLS = NO;
				GCC_MODEL_TUNING = G5;
				GCC_OPTIMIZATION_LEVEL = 0;
				GCC_PRECOMPILE_PREFIX_HEADER = YES;
				GCC_PREFIX_HEADER = "";
				INFOPLIST_FILE = Info.plist;
				INSTALL_PATH = "$(HOME)/Applications";
				LIBRARY_SEARCH_PATHS = (
					"$(LIBRARY_SEARCH_PATHS_QUOTED_5)",
					"$(inherited)",
					"$(LIBRARY_SEARCH_PATHS_QUOTED_1)",
					"$(LIBRARY_SEARCH_PATHS_QUOTED_3)",
					/usr/X11R6/lib,
					"$(LIBRARY_SEARCH_PATHS_QUOTED_4)",
					"$(LIBRARY_SEARCH_PATHS_QUOTED_6)",
				);
				LIBRARY_SEARCH_PATHS_QUOTED_1 = "\"$(SRCROOT)/bin/Debug\"";
				LIBRARY_SEARCH_PATHS_QUOTED_2 = "\"$(SRCROOT)/Pas\"";
				LIBRARY_SEARCH_PATHS_QUOTED_3 = "\"$(SRCROOT)/bin/Debug\"";
				LIBRARY_SEARCH_PATHS_QUOTED_4 = "\"$(SRCROOT)/bin/MyGame1.build\"";
				LIBRARY_SEARCH_PATHS_QUOTED_5 = "\"$(SRCROOT)/lib/MacSDL\"";
				LIBRARY_SEARCH_PATHS_QUOTED_6 = "\"$(SRCROOT)/bin/Debug\"";
				LINK_WITH_STANDARD_LIBRARIES = YES;
				OTHER_LDFLAGS = (
					"-search_paths_first",
					"-lz",
					"-lstdc++",
				);
				PREBINDING = NO;
				PRODUCT_NAME = MyGame;
				SYMROOT = bin;
				WRAPPER_EXTENSION = app;
				ZERO_LINK = NO;
			};
			name = Debug;
		};
		DDC688CD09F574E9004E4BFF /* Release */ = {
			isa = XCBuildConfiguration;
			buildSettings = {
				COPY_PHASE_STRIP = YES;
				FPC_COMMON_OPTIONS = "-Mdelphi -XMSDL_main";
				FPC_SPECIFIC_OPTIONS = "";
				GCC_ENABLE_FIX_AND_CONTINUE = NO;
				GCC_GENERATE_DEBUGGING_SYMBOLS = NO;
				GCC_MODEL_TUNING = G5;
				GCC_PRECOMPILE_PREFIX_HEADER = YES;
				GCC_PREFIX_HEADER = "$(SYSTEM_LIBRARY_DIR)/Frameworks/Carbon.framework/Headers/Carbon.h";
				INFOPLIST_FILE = Info.plist;
				INSTALL_PATH = "$(HOME)/Applications";
				LIBRARY_SEARCH_PATHS = (
					"$(LIBRARY_SEARCH_PATHS_QUOTED_5)",
					"$(inherited)",
					"$(LIBRARY_SEARCH_PATHS_QUOTED_1)",
					"$(LIBRARY_SEARCH_PATHS_QUOTED_3)",
					/usr/X11R6/lib,
					"$(LIBRARY_SEARCH_PATHS_QUOTED_4)",
					"$(LIBRARY_SEARCH_PATHS_QUOTED_6)",
				);
				LIBRARY_SEARCH_PATHS_QUOTED_1 = "\"$(SRCROOT)/bin/Debug\"";
				LIBRARY_SEARCH_PATHS_QUOTED_2 = "\"$(SRCROOT)/Pas\"";
				LIBRARY_SEARCH_PATHS_QUOTED_3 = "\"$(SRCROOT)/bin/Debug\"";
				LIBRARY_SEARCH_PATHS_QUOTED_4 = "\"$(SRCROOT)/bin/MyGame1.build\"";
				LIBRARY_SEARCH_PATHS_QUOTED_5 = "\"$(SRCROOT)/lib/MacSDL\"";
				LIBRARY_SEARCH_PATHS_QUOTED_6 = "\"$(SRCROOT)/bin/Debug\"";
				LINK_WITH_STANDARD_LIBRARIES = YES;
				OTHER_LDFLAGS = (
					"-search_paths_first",
					"-lz",
					"-lstdc++",
				);
				PREBINDING = NO;
				PRODUCT_NAME = MyGame;
				SYMROOT = bin;
				WRAPPER_EXTENSION = app;
				ZERO_LINK = NO;
			};
			name = Release;
		};
		DDC688DD09F57542004E4BFF /* Debug */ = {
			isa = XCBuildConfiguration;
			buildSettings = {
				COPY_PHASE_STRIP = NO;
				GCC_DYNAMIC_NO_PIC = NO;
				GCC_GENERATE_DEBUGGING_SYMBOLS = YES;
				GCC_MODEL_TUNING = G5;
				GCC_OPTIMIZATION_LEVEL = 0;
				GCC_PRECOMPILE_PREFIX_HEADER = YES;
				GCC_PREFIX_HEADER = "$(SYSTEM_LIBRARY_DIR)/Frameworks/Carbon.framework/Headers/Carbon.h";
				INSTALL_PATH = /usr/local/lib;
				OTHER_LDFLAGS = (
					"-framework",
					Carbon,
				);
				PREBINDING = NO;
				PRODUCT_NAME = "Put unit sources in the 'Compile Sources' phase of this target";
				SYMROOT = bin;
			};
			name = Debug;
		};
		DDC688DE09F57542004E4BFF /* Release */ = {
			isa = XCBuildConfiguration;
			buildSettings = {
				COPY_PHASE_STRIP = YES;
				GCC_ENABLE_FIX_AND_CONTINUE = NO;
				GCC_GENERATE_DEBUGGING_SYMBOLS = NO;
				GCC_MODEL_TUNING = G5;
				GCC_PRECOMPILE_PREFIX_HEADER = YES;
				GCC_PREFIX_HEADER = "$(SYSTEM_LIBRARY_DIR)/Frameworks/Carbon.framework/Headers/Carbon.h";
				INSTALL_PATH = /usr/local/lib;
				OTHER_LDFLAGS = (
					"-framework",
					Carbon,
				);
				PREBINDING = NO;
				PRODUCT_NAME = "Put unit sources in the 'Compile Sources' phase of this target";
				SYMROOT = bin;
				ZERO_LINK = NO;
			};
			name = Release;
		};
/* End XCBuildConfiguration section */

/* Begin XCConfigurationList section */
		DD37F2560A60258300975B2D /* Build configuration list for PBXNativeTarget "fpcrtl" */ = {
			isa = XCConfigurationList;
			buildConfigurations = (
				DD37F2570A60258300975B2D /* Debug */,
				DD37F2580A60258300975B2D /* Release */,
			);
			defaultConfigurationIsVisible = 0;
			defaultConfigurationName = Debug;
		};
		DDC6851009F5717A004E4BFF /* Build configuration list for PBXProject "MyGame1" */ = {
			isa = XCConfigurationList;
			buildConfigurations = (
				DDC6851109F5717A004E4BFF /* Debug */,
				DDC6851209F5717A004E4BFF /* Release */,
			);
			defaultConfigurationIsVisible = 0;
			defaultConfigurationName = Debug;
		};
		DDC688CB09F574E9004E4BFF /* Build configuration list for PBXNativeTarget "MyGame" */ = {
			isa = XCConfigurationList;
			buildConfigurations = (
				DDC688CC09F574E9004E4BFF /* Debug */,
				DDC688CD09F574E9004E4BFF /* Release */,
			);
			defaultConfigurationIsVisible = 0;
			defaultConfigurationName = Debug;
		};
		DDC688DC09F57542004E4BFF /* Build configuration list for PBXNativeTarget "Put all program sources also in this target" */ = {
			isa = XCConfigurationList;
			buildConfigurations = (
				DDC688DD09F57542004E4BFF /* Debug */,
				DDC688DE09F57542004E4BFF /* Release */,
			);
			defaultConfigurationIsVisible = 0;
			defaultConfigurationName = Debug;
		};
/* End XCConfigurationList section */
	};
	rootObject = DDC6850F09F5717A004E4BFF /* Project object */;
}
