
Microsoft Visual Studio Solution File, Format Version 9.00
# Visual Studio 2005
Project("{FAE04EC0-301F-11D3-BF4B-00C04F79EFBC}") = "SGSDK Showcase", "SGSDK Showcase\SGSDK Showcase.csproj", "{CEBE306C-2619-4A70-91E1-5517F7F3BA8B}"
EndProject
Global
	GlobalSection(SolutionConfigurationPlatforms) = preSolution
		Debug|Any CPU = Debug|Any CPU
		Release|Any CPU = Release|Any CPU
	EndGlobalSection
	GlobalSection(ProjectConfigurationPlatforms) = postSolution
		{CEBE306C-2619-4A70-91E1-5517F7F3BA8B}.Debug|Any CPU.ActiveCfg = Debug|Any CPU
		{CEBE306C-2619-4A70-91E1-5517F7F3BA8B}.Debug|Any CPU.Build.0 = Debug|Any CPU
		{CEBE306C-2619-4A70-91E1-5517F7F3BA8B}.Release|Any CPU.ActiveCfg = Release|Any CPU
		{CEBE306C-2619-4A70-91E1-5517F7F3BA8B}.Release|Any CPU.Build.0 = Release|Any CPU
	EndGlobalSection
	GlobalSection(SolutionProperties) = preSolution
		HideSolutionNode = FALSE
	EndGlobalSection
EndGlobal
